{
  "version": 4,
  "terraform_version": "1.0.11",
  "serial": 329,
  "lineage": "69552d03-1c05-eaff-574f-29c6f1e6b32e",
  "outputs": {
    "cluster_name": {
      "value": "k8s-cluster-prod",
      "type": "string"
    }
  },
  "resources": [
    {
      "mode": "managed",
      "type": "google_compute_firewall",
      "name": "wp-fire",
      "provider": "provider[\"registry.terraform.io/hashicorp/google\"]",
      "instances": [
        {
          "schema_version": 1,
          "attributes": {
            "allow": [
              {
                "ports": [
                  "22",
                  "80"
                ],
                "protocol": "tcp"
              },
              {
                "ports": [],
                "protocol": "icmp"
              }
            ],
            "creation_timestamp": "2021-11-19T08:14:43.769-08:00",
            "deny": [],
            "description": "",
            "destination_ranges": [],
            "direction": "INGRESS",
            "disabled": false,
            "enable_logging": null,
            "id": "projects/progetto-test55/global/firewalls/wp-firewall",
            "log_config": [],
            "name": "wp-firewall",
            "network": "https://www.googleapis.com/compute/v1/projects/progetto-test55/global/networks/wp-network",
            "priority": 1000,
            "project": "progetto-test55",
            "self_link": "https://www.googleapis.com/compute/v1/projects/progetto-test55/global/firewalls/wp-firewall",
            "source_ranges": [
              "0.0.0.0/0"
            ],
            "source_service_accounts": [],
            "source_tags": [],
            "target_service_accounts": [],
            "target_tags": [
              "web"
            ],
            "timeouts": null
          },
          "sensitive_attributes": [],
          "private": "eyJlMmJmYjczMC1lY2FhLTExZTYtOGY4OC0zNDM2M2JjN2M0YzAiOnsiY3JlYXRlIjoyNDAwMDAwMDAwMDAsImRlbGV0ZSI6MjQwMDAwMDAwMDAwLCJ1cGRhdGUiOjI0MDAwMDAwMDAwMH0sInNjaGVtYV92ZXJzaW9uIjoiMSJ9",
          "dependencies": [
            "google_compute_network.wp-net"
          ]
        }
      ]
    },
    {
      "mode": "managed",
      "type": "google_compute_firewall",
      "name": "wp-fire-db",
      "provider": "provider[\"registry.terraform.io/hashicorp/google\"]",
      "instances": [
        {
          "schema_version": 1,
          "attributes": {
            "allow": [
              {
                "ports": [
                  "3306"
                ],
                "protocol": "tcp"
              }
            ],
            "creation_timestamp": "2021-11-19T08:14:43.814-08:00",
            "deny": [],
            "description": "",
            "destination_ranges": [],
            "direction": "INGRESS",
            "disabled": false,
            "enable_logging": null,
            "id": "projects/progetto-test55/global/firewalls/db-firewall",
            "log_config": [],
            "name": "db-firewall",
            "network": "https://www.googleapis.com/compute/v1/projects/progetto-test55/global/networks/wp-network",
            "priority": 1000,
            "project": "progetto-test55",
            "self_link": "https://www.googleapis.com/compute/v1/projects/progetto-test55/global/firewalls/db-firewall",
            "source_ranges": [],
            "source_service_accounts": [],
            "source_tags": [
              "web"
            ],
            "target_service_accounts": [],
            "target_tags": [],
            "timeouts": null
          },
          "sensitive_attributes": [],
          "private": "eyJlMmJmYjczMC1lY2FhLTExZTYtOGY4OC0zNDM2M2JjN2M0YzAiOnsiY3JlYXRlIjoyNDAwMDAwMDAwMDAsImRlbGV0ZSI6MjQwMDAwMDAwMDAwLCJ1cGRhdGUiOjI0MDAwMDAwMDAwMH0sInNjaGVtYV92ZXJzaW9uIjoiMSJ9",
          "dependencies": [
            "google_compute_network.wp-net"
          ]
        }
      ]
    },
    {
      "mode": "managed",
      "type": "google_compute_global_address",
      "name": "private_ip_block",
      "provider": "provider[\"registry.terraform.io/hashicorp/google\"]",
      "instances": [
        {
          "schema_version": 0,
          "attributes": {
            "address": "10.34.0.0",
            "address_type": "INTERNAL",
            "creation_timestamp": "2021-11-19T08:14:43.910-08:00",
            "description": "",
            "id": "projects/progetto-test55/global/addresses/private-ip-block",
            "ip_version": "",
            "name": "private-ip-block",
            "network": "https://www.googleapis.com/compute/v1/projects/progetto-test55/global/networks/wp-network",
            "prefix_length": 20,
            "project": "progetto-test55",
            "purpose": "VPC_PEERING",
            "self_link": "https://www.googleapis.com/compute/v1/projects/progetto-test55/global/addresses/private-ip-block",
            "timeouts": null
          },
          "sensitive_attributes": [],
          "private": "eyJlMmJmYjczMC1lY2FhLTExZTYtOGY4OC0zNDM2M2JjN2M0YzAiOnsiY3JlYXRlIjoyNDAwMDAwMDAwMDAsImRlbGV0ZSI6MjQwMDAwMDAwMDAwfX0=",
          "dependencies": [
            "google_compute_network.wp-net"
          ]
        }
      ]
    },
    {
      "mode": "managed",
      "type": "google_compute_instance",
      "name": "wp-server",
      "provider": "provider[\"registry.terraform.io/hashicorp/google\"]",
      "instances": [
        {
          "schema_version": 6,
          "attributes": {
            "allow_stopping_for_update": null,
            "attached_disk": [],
            "boot_disk": [
              {
                "auto_delete": true,
                "device_name": "persistent-disk-0",
                "disk_encryption_key_raw": "",
                "disk_encryption_key_sha256": "",
                "initialize_params": [
                  {
                    "image": "https://www.googleapis.com/compute/v1/projects/ubuntu-os-cloud/global/images/ubuntu-1804-bionic-v20211115",
                    "labels": {},
                    "size": 10,
                    "type": "pd-standard"
                  }
                ],
                "kms_key_self_link": "",
                "mode": "READ_WRITE",
                "source": "https://www.googleapis.com/compute/v1/projects/progetto-test55/zones/us-central1-b/disks/wp-ser"
              }
            ],
            "can_ip_forward": false,
            "cpu_platform": "Intel Broadwell",
            "current_status": "RUNNING",
            "deletion_protection": false,
            "description": "",
            "desired_status": null,
            "enable_display": false,
            "guest_accelerator": [],
            "hostname": "",
            "id": "projects/progetto-test55/zones/us-central1-b/instances/wp-ser",
            "instance_id": "1427720052353428081",
            "label_fingerprint": "42WmSpB8rSM=",
            "labels": {},
            "machine_type": "e2-medium",
            "metadata": {},
            "metadata_fingerprint": "o1qFVH__lCs=",
            "metadata_startup_script": "#!/bin/bash\n\nsudo apt update \u0026\u0026 apt upgrade -y\nsudo apt install apache2 -y\nsudo systemctl status apache2\nsudo apt install php php-mysql mysql-client php-curl php-gd php-xml php-xmlrpc php-zip -y\nsudo systemctl restart apache2\n\n\n\n\ncd  /tmp \u0026\u0026 wget https://wordpress.org/latest.tar.gz\nsudo tar -xvf latest.tar.gz\nsudo cp -R wordpress /var/www/html/\nsudo chown -R www-data:www-data /var/www/html/wordpress/\nsudo chmod -R 755 /var/www/html/wordpress/\n\nsudo mkdir /var/www/html/wordpress/wp-content/uploads\nsudo chown -R www-data:www-data /var/www/html/wordpress/wp-content/uploads/\n\nsudo systemctl restart apache2\n\n\n\n\n\n",
            "min_cpu_platform": "",
            "name": "wp-ser",
            "network_interface": [
              {
                "access_config": [
                  {
                    "nat_ip": "34.134.4.190",
                    "network_tier": "PREMIUM",
                    "public_ptr_domain_name": ""
                  }
                ],
                "alias_ip_range": [],
                "name": "nic0",
                "network": "https://www.googleapis.com/compute/v1/projects/progetto-test55/global/networks/wp-network",
                "network_ip": "10.128.0.2",
                "subnetwork": "https://www.googleapis.com/compute/v1/projects/progetto-test55/regions/us-central1/subnetworks/wp-network",
                "subnetwork_project": "progetto-test55"
              }
            ],
            "project": "progetto-test55",
            "resource_policies": [],
            "scheduling": [
              {
                "automatic_restart": true,
                "node_affinities": [],
                "on_host_maintenance": "MIGRATE",
                "preemptible": false
              }
            ],
            "scratch_disk": [],
            "self_link": "https://www.googleapis.com/compute/v1/projects/progetto-test55/zones/us-central1-b/instances/wp-ser",
            "service_account": [],
            "shielded_instance_config": [
              {
                "enable_integrity_monitoring": true,
                "enable_secure_boot": false,
                "enable_vtpm": true
              }
            ],
            "tags": [
              "web"
            ],
            "tags_fingerprint": "3d9fNIIa_10=",
            "timeouts": null,
            "zone": "us-central1-b"
          },
          "sensitive_attributes": [],
          "private": "eyJlMmJmYjczMC1lY2FhLTExZTYtOGY4OC0zNDM2M2JjN2M0YzAiOnsiY3JlYXRlIjoxMjAwMDAwMDAwMDAwLCJkZWxldGUiOjEyMDAwMDAwMDAwMDAsInVwZGF0ZSI6MTIwMDAwMDAwMDAwMH0sInNjaGVtYV92ZXJzaW9uIjoiNiJ9",
          "dependencies": [
            "google_compute_global_address.private_ip_block",
            "google_compute_network.wp-net",
            "google_service_networking_connection.private-conn"
          ]
        }
      ]
    },
    {
      "mode": "managed",
      "type": "google_compute_network",
      "name": "wp-net",
      "provider": "provider[\"registry.terraform.io/hashicorp/google\"]",
      "instances": [
        {
          "schema_version": 0,
          "attributes": {
            "auto_create_subnetworks": true,
            "delete_default_routes_on_create": false,
            "description": "",
            "gateway_ipv4": "",
            "id": "projects/progetto-test55/global/networks/wp-network",
            "name": "wp-network",
            "project": "progetto-test55",
            "routing_mode": "GLOBAL",
            "self_link": "https://www.googleapis.com/compute/v1/projects/progetto-test55/global/networks/wp-network",
            "timeouts": null
          },
          "sensitive_attributes": [],
          "private": "eyJlMmJmYjczMC1lY2FhLTExZTYtOGY4OC0zNDM2M2JjN2M0YzAiOnsiY3JlYXRlIjoyNDAwMDAwMDAwMDAsImRlbGV0ZSI6MjQwMDAwMDAwMDAwLCJ1cGRhdGUiOjI0MDAwMDAwMDAwMH19"
        }
      ]
    },
    {
      "mode": "managed",
      "type": "google_service_networking_connection",
      "name": "private-conn",
      "provider": "provider[\"registry.terraform.io/hashicorp/google\"]",
      "instances": [
        {
          "schema_version": 0,
          "attributes": {
            "id": "https%3A%2F%2Fwww.googleapis.com%2Fcompute%2Fv1%2Fprojects%2Fprogetto-test55%2Fglobal%2Fnetworks%2Fwp-network:servicenetworking.googleapis.com",
            "network": "https://www.googleapis.com/compute/v1/projects/progetto-test55/global/networks/wp-network",
            "peering": "servicenetworking-googleapis-com",
            "reserved_peering_ranges": [
              "private-ip-block"
            ],
            "service": "servicenetworking.googleapis.com",
            "timeouts": null
          },
          "sensitive_attributes": [],
          "private": "eyJlMmJmYjczMC1lY2FhLTExZTYtOGY4OC0zNDM2M2JjN2M0YzAiOnsiY3JlYXRlIjo2MDAwMDAwMDAwMDAsImRlbGV0ZSI6NjAwMDAwMDAwMDAwLCJ1cGRhdGUiOjYwMDAwMDAwMDAwMH19",
          "dependencies": [
            "google_compute_global_address.private_ip_block",
            "google_compute_network.wp-net"
          ]
        }
      ]
    },
    {
      "mode": "managed",
      "type": "google_sql_database",
      "name": "wp-db",
      "provider": "provider[\"registry.terraform.io/hashicorp/google\"]",
      "instances": [
        {
          "schema_version": 0,
          "attributes": {
            "charset": "utf8",
            "collation": "utf8_general_ci",
            "id": "projects/progetto-test55/instances/db-wp-instance/databases/wp-database",
            "instance": "db-wp-instance",
            "name": "wp-database",
            "project": "progetto-test55",
            "self_link": "https://sqladmin.googleapis.com/sql/v1beta4/projects/progetto-test55/instances/db-wp-instance/databases/wp-database",
            "timeouts": null
          },
          "sensitive_attributes": [],
          "private": "eyJlMmJmYjczMC1lY2FhLTExZTYtOGY4OC0zNDM2M2JjN2M0YzAiOnsiY3JlYXRlIjo5MDAwMDAwMDAwMDAsImRlbGV0ZSI6NjAwMDAwMDAwMDAwLCJ1cGRhdGUiOjYwMDAwMDAwMDAwMH19",
          "dependencies": [
            "google_compute_global_address.private_ip_block",
            "google_compute_network.wp-net",
            "google_service_networking_connection.private-conn",
            "google_sql_database_instance.master-db"
          ]
        }
      ]
    },
    {
      "mode": "managed",
      "type": "google_sql_database_instance",
      "name": "master-db",
      "provider": "provider[\"registry.terraform.io/hashicorp/google\"]",
      "instances": [
        {
          "schema_version": 0,
          "attributes": {
            "connection_name": "progetto-test55:us-central1:db-wp-instance",
            "database_version": "MYSQL_5_7",
            "first_ip_address": "10.34.0.2",
            "id": "db-wp-instance",
            "ip_address": [
              {
                "ip_address": "10.34.0.2",
                "time_to_retire": "",
                "type": "PRIVATE"
              }
            ],
            "master_instance_name": "",
            "name": "db-wp-instance",
            "private_ip_address": "10.34.0.2",
            "project": "progetto-test55",
            "public_ip_address": "",
            "region": "us-central1",
            "replica_configuration": [],
            "root_password": null,
            "self_link": "https://sqladmin.googleapis.com/sql/v1beta4/projects/progetto-test55/instances/db-wp-instance",
            "server_ca_cert": [
              {
                "cert": "-----BEGIN CERTIFICATE-----\nMIIDfzCCAmegAwIBAgIBADANBgkqhkiG9w0BAQsFADB3MS0wKwYDVQQuEyRlNGFm\nZTI4Ni0xYWEwLTQ1YWYtYmM2Ny0zZmU0ZjllNWJmMGYxIzAhBgNVBAMTGkdvb2ds\nZSBDbG91ZCBTUUwgU2VydmVyIENBMRQwEgYDVQQKEwtHb29nbGUsIEluYzELMAkG\nA1UEBhMCVVMwHhcNMjExMTE5MTY1MDAyWhcNMzExMTE3MTY1MTAyWjB3MS0wKwYD\nVQQuEyRlNGFmZTI4Ni0xYWEwLTQ1YWYtYmM2Ny0zZmU0ZjllNWJmMGYxIzAhBgNV\nBAMTGkdvb2dsZSBDbG91ZCBTUUwgU2VydmVyIENBMRQwEgYDVQQKEwtHb29nbGUs\nIEluYzELMAkGA1UEBhMCVVMwggEiMA0GCSqGSIb3DQEBAQUAA4IBDwAwggEKAoIB\nAQCE4uoCMMOhO6bFeRuB5wNxm3XdJQCBhhQx3c+SHUKMDfQ4R1v/MWDf0Werdgah\nAbnCBMmjJBYgAyKfVXe9Hba+aKvRlYbLRLgFCPgv2yFplEGg2ASl4pXE/93Aq3mq\nIdFiCvDvzV8qivd1Wm/f/7X6TuTdrh3Wzi8HFAtRGZnhm7CfPCHFcEF8q8pOL4wc\n09Jzin/suxFuLDsVh+PDT0Xd8zJphrxyDGamH2VsNiC/hWJbE7aLGxzrB89z8g+7\nLrEhTcA6XP2Fl+IeVW/b4HJvfhm9es+nd+mIBRUDb7wT5Yr9fNXeCob0RKX/cYf4\neMJZ10Ne9XZ1c2qnKtOsDw0fAgMBAAGjFjAUMBIGA1UdEwEB/wQIMAYBAf8CAQAw\nDQYJKoZIhvcNAQELBQADggEBAAFSOx1HZ/lX/nMiEzMmRgCGTmblsCX9vtP9uxkS\nTxVXZe7X3Lu+AD+NE62TXICaB7vA/5P3zAWZ39Xz8il6aWKClfSdtTO6EtYFmPj3\nq5UVS5VIzqcXQafVMd7Cx/V/NptClKmytOJG5etvU+2jpJFBNXcePFYJ/9G+ysAJ\nFP3mCy7bWnS9NEU+tUQMtbWCyPmlfoExZbHODfNmJTtb2KY06uux2Nsq0Q93xEqr\n6YhLyOMkNiP8alcJCWS8VLrVyAC4N7TMsd3sl/kJE7hTfjsqkwR8QEhJ3lrDChJQ\nH32+mKp4tN28npGpGeX5hGpkMfW3gmVciIri/3BIgJZcAzU=\n-----END CERTIFICATE-----",
                "common_name": "C=US,O=Google\\, Inc,CN=Google Cloud SQL Server CA,dnQualifier=e4afe286-1aa0-45af-bc67-3fe4f9e5bf0f",
                "create_time": "2021-11-19T16:50:02.734Z",
                "expiration_time": "2031-11-17T16:51:02.734Z",
                "sha1_fingerprint": "f05813f8c76e7e933c342eeb8bcd72362e694b97"
              }
            ],
            "service_account_email_address": "p26408335168-7dxv88@gcp-sa-cloud-sql.iam.gserviceaccount.com",
            "settings": [
              {
                "activation_policy": "ALWAYS",
                "authorized_gae_applications": [],
                "availability_type": "REGIONAL",
                "backup_configuration": [
                  {
                    "binary_log_enabled": true,
                    "enabled": true,
                    "location": "",
                    "point_in_time_recovery_enabled": false,
                    "start_time": "07:00"
                  }
                ],
                "crash_safe_replication": false,
                "database_flags": [],
                "disk_autoresize": true,
                "disk_size": 30,
                "disk_type": "PD_SSD",
                "ip_configuration": [
                  {
                    "authorized_networks": [],
                    "ipv4_enabled": false,
                    "private_network": "projects/progetto-test55/global/networks/wp-network",
                    "require_ssl": false
                  }
                ],
                "location_preference": [
                  {
                    "follow_gae_application": "",
                    "zone": "us-central1-f"
                  }
                ],
                "maintenance_window": [],
                "pricing_plan": "PER_USE",
                "replication_type": "SYNCHRONOUS",
                "tier": "db-n1-standard-2",
                "user_labels": {},
                "version": 3
              }
            ],
            "timeouts": null
          },
          "sensitive_attributes": [],
          "private": "eyJlMmJmYjczMC1lY2FhLTExZTYtOGY4OC0zNDM2M2JjN2M0YzAiOnsiY3JlYXRlIjoxMjAwMDAwMDAwMDAwLCJkZWxldGUiOjEyMDAwMDAwMDAwMDAsInVwZGF0ZSI6MTIwMDAwMDAwMDAwMH19",
          "dependencies": [
            "google_compute_network.wp-net",
            "google_service_networking_connection.private-conn",
            "google_compute_global_address.private_ip_block"
          ]
        }
      ]
    },
    {
      "mode": "managed",
      "type": "google_sql_user",
      "name": "db-user",
      "provider": "provider[\"registry.terraform.io/hashicorp/google\"]",
      "instances": [
        {
          "schema_version": 1,
          "attributes": {
            "host": "",
            "id": "user//db-wp-instance",
            "instance": "db-wp-instance",
            "name": "user",
            "password": "password",
            "project": "progetto-test55",
            "timeouts": null
          },
          "sensitive_attributes": [],
          "private": "eyJlMmJmYjczMC1lY2FhLTExZTYtOGY4OC0zNDM2M2JjN2M0YzAiOnsiY3JlYXRlIjo2MDAwMDAwMDAwMDAsImRlbGV0ZSI6NjAwMDAwMDAwMDAwLCJ1cGRhdGUiOjYwMDAwMDAwMDAwMH0sInNjaGVtYV92ZXJzaW9uIjoiMSJ9",
          "dependencies": [
            "google_service_networking_connection.private-conn",
            "google_sql_database_instance.master-db",
            "google_compute_global_address.private_ip_block",
            "google_compute_network.wp-net"
          ]
        }
      ]
    },
    {
      "mode": "managed",
      "type": "local_file",
      "name": "kubeconfig",
      "provider": "provider[\"registry.terraform.io/hashicorp/local\"]",
      "instances": [
        {
          "schema_version": 0,
          "attributes": {
            "content": "apiVersion: v1\nclusters:\n- cluster:\n    certificate-authority-data: LS0tLS1CRUdJTiBDRVJUSUZJQ0FURS0tLS0tCk1JSUVMVENDQXBXZ0F3SUJBZ0lSQU9rTFJHMTROYTl1MEtyczlhZ1JkVW93RFFZSktvWklodmNOQVFFTEJRQXcKTHpFdE1Dc0dBMVVFQXhNa00yRmhZekF5T0RZdE1qSTVZUzAwTTJKaUxXRTFNall0WlRWaU56RTFaRFUxWlRKbApNQ0FYRFRJeE1URXhPVEUxTVRVeE1Wb1lEekl3TlRFeE1URXlNVFl4TlRFeFdqQXZNUzB3S3dZRFZRUURFeVF6CllXRmpNREk0TmkweU1qbGhMVFF6WW1JdFlUVXlOaTFsTldJM01UVmtOVFZsTW1Vd2dnR2lNQTBHQ1NxR1NJYjMKRFFFQkFRVUFBNElCandBd2dnR0tBb0lCZ1FEWmZWZFd6dktoNmxBZ1FDRjJYdjN0NllCNitNMWRoQ05RWU9PSwpRalc5c3NtUW9oSVBENm1XeFI1YXlBeGZVTGRBbUxFQTY1ek1KN2VjOFFUSnVJTGtTRUZsMTFFY3BuN1VVUkNtCkhFWlREMHVkMmcyRzJxckdkNGNVK25mbHAwR0wyRzRkQUY3WnVkNEM5VXpEVVFkVTRSc1liNDVQYXBYaSs5VzgKdEpCM0ZCY1Izc2lrVG5ObmFKZkxGL2thWHRxdWtoY1JXYllQeDlBNUNXQUZmUm5jTXZsVnZNZEthR1RUczJVaApLRzJJWlRzTi9NVEF3L3hKVFlsemYxTDVJU2ZmNitxRVh4bGhCazZ3VElyS01RWis0WnVyUzVlN1k2bUduRUNBCjFZUFk5Y3dnaDY3Tm1qeStrUEZKd3ZXakc5U1dRV1JRSWszR3lhd0xMUVp6SVMwdTlscG52aWtwcjBLdlJIWEMKZDJLRUROWWNQTUJ6c0xkWGU0dzFXLzBMWmoxaVNVdHJicjhMUi9Rb3RuVHF6WG00MFhIa1NvSVRvVTdIUGwwbQpjaEV5UHhETmg3blFKZTJkUEo1aU1jdDdzTUVZanUzamQ0OWtJdlB1VTNUMTU2bnJmd1VJZHVReXlLWG5wcGpTClppOWRWMXlTOFZ4aE5mWFlqcUZrVXVmcWpRRUNBd0VBQWFOQ01FQXdEZ1lEVlIwUEFRSC9CQVFEQWdJRU1BOEcKQTFVZEV3RUIvd1FGTUFNQkFmOHdIUVlEVlIwT0JCWUVGS1hmRjFGZmI0QWpEd1FyZ2VsdC9wdW8rU1BCTUEwRwpDU3FHU0liM0RRRUJDd1VBQTRJQmdRQW4yWm5KRTlMMmdaYUlZLzFraHZkRVZueWozSG4wMDRhSzR5YW84Y0ZoCmZjWXpYbkFUS1pxS3ZSRVo3VTVJZ1lEdjdyZWp5dzFneENzVm1MNXllaW9ENm14bk5VVUJyQW9rVVlRT3FySFUKZEJ6cWN2bDFGcm9KQWsvOUxmYWpxam9CVlN4VExCcC8xVFNtZ2xIWW9kWmhTdWtPcnptLzBpa2I5OFArU3RXagpDcUlodS85eWxGQ2V6YzRGVlBObUVLNE0yWEhLU290YmFWeFZiU3FsMVhNY01BZVR4Sk03UTlHWXFmbWZUTVpnCmtLQ1hxWjJpRTFNQytSTi9pcU5uMU9sRDJCcEdtT05zUzNZdFhRL3RmczdjRjdnNDU2SVlabGsrRGZrdWJRTGQKckJoSjQ3bHovOTB0U0Y2L3lOdS9wSTN3UlZyKzN2SS9UYmFVUnRWM2NsZm85eU9TdnduTVNoQmhNRWNkNWxNVApkdEhVemRNK0QyelZsVStoK2JUd2p1YXdaTHc4a0psNFdDTndRYzhiY0FLV2hZNy9MN1BVQkUyY1YvMHJkOWgyCkpDeFRkdHFiMCtRejJvRFlUSE9MQXFWaDYrK1Iyd2VjSmZkQnB0WGF2T0MzSDEzQ3QwVWZvcFpJb3pCRm1LdlUKS25UNVpxbmJOeVp3TFFaaXpGdkYwMXM9Ci0tLS0tRU5EIENFUlRJRklDQVRFLS0tLS0K\n    server: https://35.225.131.111\n  name: k8s-cluster-prod\ncontexts:\n- context:\n    cluster: k8s-cluster-prod\n    user: k8s-cluster-prod\n  name: k8s-cluster-prod\ncurrent-context: k8s-cluster-prod\nkind: Config\npreferences: {}\nusers:\n- name: k8s-cluster-prod\n  user:\n    token: ya29.c.b0AXv0zTNB_E5GLZgZT6VhVVd-_u9vDmvyYXh-QrGgFWSPlWUnXpCnb8Lt_CiMN-yEDDEN1KhXVxn0D3gBzirSK9lhi7EVKFpnL8wUGtiKcz7bNAUIYDA2mhAp-Ompc16NRwRhb2LtftngNpTFVhXaVmxiWhpujs7WRaT7USpBIPz43ICQF3sUgUWJj2nEx4tRRBO3bK8xcWz8_SMWZvp3T_rdfVCDxuizmA5ZbDl4fQ\n",
            "content_base64": null,
            "directory_permission": "0777",
            "file_permission": "0777",
            "filename": "kubeconfig-prod",
            "id": "27f036574f2f4b5ecad0d02393c854d58493d5de",
            "sensitive_content": null,
            "source": null
          },
          "sensitive_attributes": [
            [
              {
                "type": "get_attr",
                "value": "content"
              }
            ]
          ],
          "private": "bnVsbA==",
          "dependencies": [
            "module.gcp-network.module.subnets.google_compute_subnetwork.subnetwork",
            "module.gcp-network.module.vpc.google_compute_network.network",
            "module.gke.data.google_compute_subnetwork.gke_subnetwork",
            "module.gke.data.google_compute_zones.available",
            "module.gke.data.google_container_engine_versions.region",
            "module.gke.data.google_container_engine_versions.zone",
            "module.gke.google_compute_firewall.intra_egress",
            "module.gke.google_compute_firewall.master_webhooks",
            "module.gke.google_compute_firewall.shadow_allow_master",
            "module.gke.google_compute_firewall.shadow_allow_nodes",
            "module.gke.google_compute_firewall.shadow_allow_pods",
            "module.gke.google_container_cluster.primary",
            "module.gke.google_container_node_pool.pools",
            "module.gke.google_project_iam_member.cluster_service_account-artifact-registry",
            "module.gke.google_project_iam_member.cluster_service_account-gcr",
            "module.gke.google_project_iam_member.cluster_service_account-log_writer",
            "module.gke.google_project_iam_member.cluster_service_account-metric_writer",
            "module.gke.google_project_iam_member.cluster_service_account-monitoring_viewer",
            "module.gke.google_project_iam_member.cluster_service_account-resourceMetadata-writer",
            "module.gke.google_service_account.cluster_service_account",
            "module.gke.kubernetes_config_map.ip-masq-agent",
            "module.gke.kubernetes_config_map.kube-dns",
            "module.gke.kubernetes_config_map.kube-dns-upstream-nameservers-and-stub-domains",
            "module.gke.kubernetes_config_map.kube-dns-upstream-namservers",
            "module.gke.module.gcloud_delete_default_kube_dns_configmap.module.gcloud_kubectl.data.external.env_override",
            "module.gke.module.gcloud_delete_default_kube_dns_configmap.module.gcloud_kubectl.null_resource.additional_components",
            "module.gke.module.gcloud_delete_default_kube_dns_configmap.module.gcloud_kubectl.null_resource.additional_components_destroy",
            "module.gke.module.gcloud_delete_default_kube_dns_configmap.module.gcloud_kubectl.null_resource.decompress",
            "module.gke.module.gcloud_delete_default_kube_dns_configmap.module.gcloud_kubectl.null_resource.decompress_destroy",
            "module.gke.module.gcloud_delete_default_kube_dns_configmap.module.gcloud_kubectl.null_resource.download_gcloud",
            "module.gke.module.gcloud_delete_default_kube_dns_configmap.module.gcloud_kubectl.null_resource.download_jq",
            "module.gke.module.gcloud_delete_default_kube_dns_configmap.module.gcloud_kubectl.null_resource.gcloud_auth_google_credentials",
            "module.gke.module.gcloud_delete_default_kube_dns_configmap.module.gcloud_kubectl.null_resource.gcloud_auth_google_credentials_destroy",
            "module.gke.module.gcloud_delete_default_kube_dns_configmap.module.gcloud_kubectl.null_resource.gcloud_auth_service_account_key_file",
            "module.gke.module.gcloud_delete_default_kube_dns_configmap.module.gcloud_kubectl.null_resource.gcloud_auth_service_account_key_file_destroy",
            "module.gke.module.gcloud_delete_default_kube_dns_configmap.module.gcloud_kubectl.null_resource.module_depends_on",
            "module.gke.module.gcloud_delete_default_kube_dns_configmap.module.gcloud_kubectl.null_resource.prepare_cache",
            "module.gke.module.gcloud_delete_default_kube_dns_configmap.module.gcloud_kubectl.null_resource.run_command",
            "module.gke.module.gcloud_delete_default_kube_dns_configmap.module.gcloud_kubectl.null_resource.run_destroy_command",
            "module.gke.module.gcloud_delete_default_kube_dns_configmap.module.gcloud_kubectl.null_resource.upgrade",
            "module.gke.module.gcloud_delete_default_kube_dns_configmap.module.gcloud_kubectl.null_resource.upgrade_destroy",
            "module.gke.module.gcloud_delete_default_kube_dns_configmap.module.gcloud_kubectl.random_id.cache",
            "module.gke.random_shuffle.available_zones",
            "module.gke.random_string.cluster_service_account_suffix",
            "module.gke_auth.data.template_file.kubeconfig"
          ]
        }
      ]
    },
    {
      "module": "module.gcp-network.module.subnets",
      "mode": "managed",
      "type": "google_compute_subnetwork",
      "name": "subnetwork",
      "provider": "provider[\"registry.terraform.io/hashicorp/google\"]",
      "instances": [
        {
          "index_key": "us-central1/k8s-subnet-prod",
          "schema_version": 0,
          "attributes": {
            "creation_timestamp": "2021-11-19T08:14:35.238-08:00",
            "description": "",
            "fingerprint": null,
            "gateway_address": "10.10.0.1",
            "id": "projects/progetto-test55/regions/us-central1/subnetworks/k8s-subnet-prod",
            "ip_cidr_range": "10.10.0.0/16",
            "log_config": [],
            "name": "k8s-subnet-prod",
            "network": "https://www.googleapis.com/compute/v1/projects/progetto-test55/global/networks/k8s-network-prod",
            "private_ip_google_access": false,
            "project": "progetto-test55",
            "region": "us-central1",
            "secondary_ip_range": [
              {
                "ip_cidr_range": "10.20.0.0/16",
                "range_name": "ip-range-pods"
              },
              {
                "ip_cidr_range": "10.30.0.0/16",
                "range_name": "ip-range-services"
              }
            ],
            "self_link": "https://www.googleapis.com/compute/v1/projects/progetto-test55/regions/us-central1/subnetworks/k8s-subnet-prod",
            "timeouts": null
          },
          "sensitive_attributes": [],
          "private": "eyJlMmJmYjczMC1lY2FhLTExZTYtOGY4OC0zNDM2M2JjN2M0YzAiOnsiY3JlYXRlIjozNjAwMDAwMDAwMDAsImRlbGV0ZSI6MzYwMDAwMDAwMDAwLCJ1cGRhdGUiOjM2MDAwMDAwMDAwMH19",
          "dependencies": [
            "module.gcp-network.module.vpc.google_compute_network.network"
          ]
        }
      ]
    },
    {
      "module": "module.gcp-network.module.vpc",
      "mode": "managed",
      "type": "google_compute_network",
      "name": "network",
      "provider": "provider[\"registry.terraform.io/hashicorp/google\"]",
      "instances": [
        {
          "schema_version": 0,
          "attributes": {
            "auto_create_subnetworks": false,
            "delete_default_routes_on_create": false,
            "description": "",
            "gateway_ipv4": "",
            "id": "projects/progetto-test55/global/networks/k8s-network-prod",
            "name": "k8s-network-prod",
            "project": "progetto-test55",
            "routing_mode": "GLOBAL",
            "self_link": "https://www.googleapis.com/compute/v1/projects/progetto-test55/global/networks/k8s-network-prod",
            "timeouts": null
          },
          "sensitive_attributes": [],
          "private": "eyJlMmJmYjczMC1lY2FhLTExZTYtOGY4OC0zNDM2M2JjN2M0YzAiOnsiY3JlYXRlIjoyNDAwMDAwMDAwMDAsImRlbGV0ZSI6MjQwMDAwMDAwMDAwLCJ1cGRhdGUiOjI0MDAwMDAwMDAwMH19"
        }
      ]
    },
    {
      "module": "module.gke",
      "mode": "data",
      "type": "google_compute_zones",
      "name": "available",
      "provider": "provider[\"registry.terraform.io/hashicorp/google\"]",
      "instances": [
        {
          "schema_version": 0,
          "attributes": {
            "id": "projects/progetto-test55/regions/us-central1",
            "names": [
              "us-central1-a",
              "us-central1-b",
              "us-central1-c",
              "us-central1-f"
            ],
            "project": "progetto-test55",
            "region": "us-central1",
            "status": null
          },
          "sensitive_attributes": []
        }
      ]
    },
    {
      "module": "module.gke",
      "mode": "data",
      "type": "google_container_engine_versions",
      "name": "region",
      "provider": "provider[\"registry.terraform.io/hashicorp/google\"]",
      "instances": [
        {
          "schema_version": 0,
          "attributes": {
            "default_cluster_version": "1.21.5-gke.1302",
            "id": "2021-11-22 10:01:07.780557456 +0000 UTC",
            "latest_master_version": "1.21.5-gke.1802",
            "latest_node_version": "1.21.5-gke.1802",
            "location": "us-central1",
            "project": "progetto-test55",
            "release_channel_default_version": {
              "RAPID": "1.21.5-gke.1802",
              "REGULAR": "1.21.5-gke.1302",
              "STABLE": "1.20.10-gke.1600"
            },
            "valid_master_versions": [
              "1.21.5-gke.1802",
              "1.21.5-gke.1302",
              "1.21.5-gke.1300",
              "1.21.4-gke.2302",
              "1.21.4-gke.2300",
              "1.21.3-gke.2003",
              "1.20.11-gke.1801",
              "1.20.11-gke.1300",
              "1.20.10-gke.2100",
              "1.20.10-gke.1600",
              "1.19.15-gke.1801",
              "1.19.15-gke.1300",
              "1.19.15-gke.500",
              "1.19.14-gke.2300",
              "1.19.14-gke.1900",
              "1.19.14-gke.301",
              "1.19.13-gke.1900"
            ],
            "valid_node_versions": [
              "1.21.5-gke.1802",
              "1.21.5-gke.1302",
              "1.21.5-gke.1300",
              "1.21.4-gke.2302",
              "1.21.4-gke.2300",
              "1.21.3-gke.2003",
              "1.21.3-gke.2001",
              "1.20.11-gke.1801",
              "1.20.11-gke.1300",
              "1.20.10-gke.2100",
              "1.20.10-gke.1600",
              "1.20.10-gke.301",
              "1.20.9-gke.2100",
              "1.20.9-gke.1001",
              "1.20.9-gke.1000",
              "1.20.9-gke.701",
              "1.20.9-gke.700",
              "1.20.8-gke.2101",
              "1.20.8-gke.2100",
              "1.20.8-gke.900",
              "1.20.8-gke.700",
              "1.20.7-gke.2200",
              "1.20.7-gke.1800",
              "1.20.6-gke.1400",
              "1.20.6-gke.1000",
              "1.19.15-gke.1801",
              "1.19.15-gke.1300",
              "1.19.15-gke.500",
              "1.19.14-gke.2300",
              "1.19.14-gke.1900",
              "1.19.14-gke.301",
              "1.19.14-gke.300",
              "1.19.13-gke.1900",
              "1.19.13-gke.1200",
              "1.19.13-gke.701",
              "1.19.13-gke.700",
              "1.19.12-gke.2101",
              "1.19.12-gke.2100",
              "1.19.12-gke.1100",
              "1.19.12-gke.900",
              "1.19.12-gke.700",
              "1.19.11-gke.2101",
              "1.19.11-gke.2100",
              "1.19.11-gke.1701",
              "1.19.11-gke.1700",
              "1.19.10-gke.1701",
              "1.19.10-gke.1700",
              "1.19.10-gke.1601",
              "1.19.10-gke.1600",
              "1.19.10-gke.1001",
              "1.19.10-gke.1000",
              "1.19.9-gke.1900",
              "1.19.9-gke.1400",
              "1.19.9-gke.700",
              "1.19.9-gke.100",
              "1.19.8-gke.2000",
              "1.19.8-gke.1600",
              "1.19.8-gke.1000",
              "1.19.7-gke.2503",
              "1.19.7-gke.1500",
              "1.19.7-gke.1302",
              "1.19.7-gke.800",
              "1.19.6-gke.1700",
              "1.19.6-gke.1100",
              "1.19.6-gke.600",
              "1.18.20-gke.6000",
              "1.18.20-gke.4501",
              "1.18.20-gke.4500",
              "1.18.20-gke.4100",
              "1.18.20-gke.3300",
              "1.18.20-gke.3001",
              "1.18.20-gke.3000",
              "1.18.20-gke.2300",
              "1.18.20-gke.901",
              "1.18.20-gke.900",
              "1.18.20-gke.501",
              "1.18.19-gke.2101",
              "1.18.19-gke.2100",
              "1.18.19-gke.1701",
              "1.18.19-gke.1700",
              "1.18.18-gke.1701",
              "1.18.18-gke.1700",
              "1.18.18-gke.1101",
              "1.18.18-gke.1100",
              "1.18.17-gke.1901",
              "1.18.17-gke.1900",
              "1.18.17-gke.1201",
              "1.18.17-gke.1200",
              "1.18.17-gke.700",
              "1.18.17-gke.100",
              "1.18.16-gke.2100",
              "1.18.16-gke.1201",
              "1.18.16-gke.1200",
              "1.18.16-gke.502",
              "1.18.16-gke.500",
              "1.18.16-gke.302",
              "1.18.16-gke.300",
              "1.18.15-gke.2500",
              "1.18.15-gke.1502",
              "1.18.15-gke.1501",
              "1.18.15-gke.1500",
              "1.18.15-gke.1102",
              "1.18.15-gke.1100",
              "1.18.15-gke.800",
              "1.18.14-gke.1600",
              "1.18.14-gke.1200",
              "1.18.12-gke.1210",
              "1.18.12-gke.1206",
              "1.18.12-gke.1205",
              "1.18.12-gke.1201",
              "1.18.12-gke.1200",
              "1.18.12-gke.300",
              "1.18.10-gke.2701",
              "1.18.10-gke.2101",
              "1.18.10-gke.1500",
              "1.18.10-gke.601",
              "1.18.9-gke.2501",
              "1.18.9-gke.1501",
              "1.18.9-gke.801",
              "1.18.6-gke.4801",
              "1.18.6-gke.3504",
              "1.18.6-gke.3503",
              "1.17.17-gke.9100",
              "1.17.17-gke.8500",
              "1.17.17-gke.8200",
              "1.17.17-gke.7800",
              "1.17.17-gke.7200",
              "1.17.17-gke.6700",
              "1.17.17-gke.6000",
              "1.17.17-gke.5400",
              "1.17.17-gke.4900",
              "1.17.17-gke.4400",
              "1.17.17-gke.3700",
              "1.17.17-gke.3000",
              "1.17.17-gke.2800",
              "1.17.17-gke.2500",
              "1.17.17-gke.1500",
              "1.17.17-gke.1101",
              "1.17.17-gke.1100",
              "1.17.17-gke.600",
              "1.17.16-gke.1600",
              "1.17.16-gke.1300",
              "1.17.15-gke.800",
              "1.17.15-gke.300",
              "1.17.14-gke.1600",
              "1.17.14-gke.1200",
              "1.17.14-gke.400",
              "1.17.13-gke.2600",
              "1.17.13-gke.2001",
              "1.17.13-gke.1401",
              "1.17.13-gke.1400",
              "1.17.13-gke.600",
              "1.17.12-gke.2502",
              "1.17.12-gke.1504",
              "1.17.12-gke.1501",
              "1.17.12-gke.500",
              "1.17.9-gke.6300",
              "1.17.9-gke.1504",
              "1.16.15-gke.14800",
              "1.16.15-gke.12500",
              "1.16.15-gke.11800",
              "1.16.15-gke.10600",
              "1.16.15-gke.7801",
              "1.16.15-gke.7800",
              "1.16.15-gke.7300",
              "1.16.15-gke.6900",
              "1.16.15-gke.6000",
              "1.16.15-gke.5500",
              "1.16.15-gke.4901",
              "1.16.15-gke.4301",
              "1.16.15-gke.4300",
              "1.16.15-gke.3500",
              "1.16.15-gke.2601",
              "1.16.15-gke.1600",
              "1.16.15-gke.500",
              "1.16.13-gke.404",
              "1.16.13-gke.403",
              "1.16.13-gke.401",
              "1.16.13-gke.400",
              "1.16.13-gke.1",
              "1.16.11-gke.5",
              "1.16.10-gke.8",
              "1.16.9-gke.6",
              "1.16.9-gke.2",
              "1.16.8-gke.15",
              "1.16.8-gke.12",
              "1.16.8-gke.9",
              "1.15.12-gke.6002",
              "1.15.12-gke.6001",
              "1.15.12-gke.5000",
              "1.15.12-gke.4002",
              "1.15.12-gke.4000",
              "1.15.12-gke.20",
              "1.15.12-gke.17",
              "1.15.12-gke.16",
              "1.15.12-gke.13",
              "1.15.12-gke.9",
              "1.15.12-gke.6",
              "1.15.12-gke.3",
              "1.15.12-gke.2",
              "1.15.11-gke.17",
              "1.15.11-gke.15",
              "1.15.11-gke.13",
              "1.15.11-gke.12",
              "1.15.11-gke.11",
              "1.15.11-gke.9",
              "1.15.11-gke.5",
              "1.15.11-gke.3",
              "1.15.11-gke.1",
              "1.15.9-gke.26",
              "1.15.9-gke.24",
              "1.15.9-gke.22",
              "1.15.9-gke.12",
              "1.15.9-gke.9",
              "1.15.9-gke.8",
              "1.15.8-gke.3",
              "1.15.8-gke.2",
              "1.15.7-gke.23",
              "1.15.7-gke.2",
              "1.15.4-gke.22",
              "1.14.10-gke.1504",
              "1.14.10-gke.902",
              "1.14.10-gke.50",
              "1.14.10-gke.46",
              "1.14.10-gke.45",
              "1.14.10-gke.42",
              "1.14.10-gke.41",
              "1.14.10-gke.40",
              "1.14.10-gke.37",
              "1.14.10-gke.36",
              "1.14.10-gke.34",
              "1.14.10-gke.32",
              "1.14.10-gke.31",
              "1.14.10-gke.27",
              "1.14.10-gke.24",
              "1.14.10-gke.22",
              "1.14.10-gke.21",
              "1.14.10-gke.17",
              "1.14.10-gke.0",
              "1.14.9-gke.23",
              "1.14.9-gke.2",
              "1.14.9-gke.0",
              "1.14.8-gke.33",
              "1.14.8-gke.21",
              "1.14.8-gke.18",
              "1.14.8-gke.17",
              "1.14.8-gke.14",
              "1.14.8-gke.12",
              "1.14.8-gke.7",
              "1.14.8-gke.2",
              "1.14.7-gke.40",
              "1.14.7-gke.25",
              "1.14.7-gke.23",
              "1.14.7-gke.17",
              "1.14.7-gke.14",
              "1.14.7-gke.10",
              "1.14.6-gke.13",
              "1.14.6-gke.2",
              "1.14.6-gke.1",
              "1.14.3-gke.11",
              "1.14.3-gke.10",
              "1.14.3-gke.9",
              "1.14.2-gke.9",
              "1.14.1-gke.5",
              "1.13.12-gke.30",
              "1.13.12-gke.25",
              "1.13.12-gke.17",
              "1.13.12-gke.16",
              "1.13.12-gke.14",
              "1.13.12-gke.13",
              "1.13.12-gke.10",
              "1.13.12-gke.8",
              "1.13.12-gke.4",
              "1.13.12-gke.2",
              "1.13.11-gke.23",
              "1.13.11-gke.15",
              "1.13.11-gke.14",
              "1.13.11-gke.12",
              "1.13.11-gke.11",
              "1.13.11-gke.9",
              "1.13.11-gke.5",
              "1.13.10-gke.7",
              "1.13.10-gke.0",
              "1.13.9-gke.11",
              "1.13.9-gke.3",
              "1.13.7-gke.24",
              "1.13.7-gke.19",
              "1.13.7-gke.15",
              "1.13.7-gke.8",
              "1.13.7-gke.0",
              "1.13.6-gke.13",
              "1.13.6-gke.6",
              "1.13.6-gke.5",
              "1.13.6-gke.0",
              "1.13.5-gke.10",
              "1.12.10-gke.22",
              "1.12.10-gke.20",
              "1.12.10-gke.19",
              "1.12.10-gke.18",
              "1.12.10-gke.17",
              "1.12.10-gke.15",
              "1.12.10-gke.13",
              "1.12.10-gke.11",
              "1.12.10-gke.5",
              "1.12.9-gke.16",
              "1.12.9-gke.15",
              "1.12.9-gke.13",
              "1.12.9-gke.10",
              "1.12.9-gke.7",
              "1.12.9-gke.3",
              "1.12.8-gke.12",
              "1.12.8-gke.10",
              "1.12.8-gke.7",
              "1.12.8-gke.6",
              "1.12.7-gke.26",
              "1.12.7-gke.25",
              "1.12.7-gke.24",
              "1.12.7-gke.22",
              "1.12.7-gke.21",
              "1.12.7-gke.17",
              "1.12.7-gke.10",
              "1.12.7-gke.7",
              "1.12.6-gke.11",
              "1.12.6-gke.10",
              "1.12.6-gke.7",
              "1.12.5-gke.10",
              "1.12.5-gke.5",
              "1.11.10-gke.6",
              "1.11.10-gke.5"
            ],
            "version_prefix": null
          },
          "sensitive_attributes": []
        }
      ]
    },
    {
      "module": "module.gke",
      "mode": "data",
      "type": "google_container_engine_versions",
      "name": "zone",
      "provider": "provider[\"registry.terraform.io/hashicorp/google\"]",
      "instances": [
        {
          "schema_version": 0,
          "attributes": {
            "default_cluster_version": "1.21.5-gke.1302",
            "id": "2021-11-22 10:01:08.087694648 +0000 UTC",
            "latest_master_version": "1.21.5-gke.1802",
            "latest_node_version": "1.21.5-gke.1802",
            "location": "us-central1-a",
            "project": "progetto-test55",
            "release_channel_default_version": {
              "RAPID": "1.21.5-gke.1802",
              "REGULAR": "1.21.5-gke.1302",
              "STABLE": "1.20.10-gke.1600"
            },
            "valid_master_versions": [
              "1.21.5-gke.1802",
              "1.21.5-gke.1302",
              "1.21.5-gke.1300",
              "1.21.4-gke.2302",
              "1.21.4-gke.2300",
              "1.21.3-gke.2003",
              "1.20.11-gke.1801",
              "1.20.11-gke.1300",
              "1.20.10-gke.2100",
              "1.20.10-gke.1600",
              "1.19.15-gke.1801",
              "1.19.15-gke.1300",
              "1.19.15-gke.500",
              "1.19.14-gke.2300",
              "1.19.14-gke.1900",
              "1.19.14-gke.301",
              "1.19.13-gke.1900"
            ],
            "valid_node_versions": [
              "1.21.5-gke.1802",
              "1.21.5-gke.1302",
              "1.21.5-gke.1300",
              "1.21.4-gke.2302",
              "1.21.4-gke.2300",
              "1.21.3-gke.2003",
              "1.21.3-gke.2001",
              "1.20.11-gke.1801",
              "1.20.11-gke.1300",
              "1.20.10-gke.2100",
              "1.20.10-gke.1600",
              "1.20.10-gke.301",
              "1.20.9-gke.2100",
              "1.20.9-gke.1001",
              "1.20.9-gke.1000",
              "1.20.9-gke.701",
              "1.20.9-gke.700",
              "1.20.8-gke.2101",
              "1.20.8-gke.2100",
              "1.20.8-gke.900",
              "1.20.8-gke.700",
              "1.20.7-gke.2200",
              "1.20.7-gke.1800",
              "1.20.6-gke.1400",
              "1.20.6-gke.1000",
              "1.19.15-gke.1801",
              "1.19.15-gke.1300",
              "1.19.15-gke.500",
              "1.19.14-gke.2300",
              "1.19.14-gke.1900",
              "1.19.14-gke.301",
              "1.19.14-gke.300",
              "1.19.13-gke.1900",
              "1.19.13-gke.1200",
              "1.19.13-gke.701",
              "1.19.13-gke.700",
              "1.19.12-gke.2101",
              "1.19.12-gke.2100",
              "1.19.12-gke.1100",
              "1.19.12-gke.900",
              "1.19.12-gke.700",
              "1.19.11-gke.2101",
              "1.19.11-gke.2100",
              "1.19.11-gke.1701",
              "1.19.11-gke.1700",
              "1.19.10-gke.1701",
              "1.19.10-gke.1700",
              "1.19.10-gke.1601",
              "1.19.10-gke.1600",
              "1.19.10-gke.1001",
              "1.19.10-gke.1000",
              "1.19.9-gke.1900",
              "1.19.9-gke.1400",
              "1.19.9-gke.700",
              "1.19.9-gke.100",
              "1.19.8-gke.2000",
              "1.19.8-gke.1600",
              "1.19.8-gke.1000",
              "1.19.7-gke.2503",
              "1.19.7-gke.1500",
              "1.19.7-gke.1302",
              "1.19.7-gke.800",
              "1.19.6-gke.1700",
              "1.19.6-gke.1100",
              "1.19.6-gke.600",
              "1.18.20-gke.6000",
              "1.18.20-gke.4501",
              "1.18.20-gke.4500",
              "1.18.20-gke.4100",
              "1.18.20-gke.3300",
              "1.18.20-gke.3001",
              "1.18.20-gke.3000",
              "1.18.20-gke.2300",
              "1.18.20-gke.901",
              "1.18.20-gke.900",
              "1.18.20-gke.501",
              "1.18.19-gke.2101",
              "1.18.19-gke.2100",
              "1.18.19-gke.1701",
              "1.18.19-gke.1700",
              "1.18.18-gke.1701",
              "1.18.18-gke.1700",
              "1.18.18-gke.1101",
              "1.18.18-gke.1100",
              "1.18.17-gke.1901",
              "1.18.17-gke.1900",
              "1.18.17-gke.1201",
              "1.18.17-gke.1200",
              "1.18.17-gke.700",
              "1.18.17-gke.100",
              "1.18.16-gke.2100",
              "1.18.16-gke.1201",
              "1.18.16-gke.1200",
              "1.18.16-gke.502",
              "1.18.16-gke.500",
              "1.18.16-gke.302",
              "1.18.16-gke.300",
              "1.18.15-gke.2500",
              "1.18.15-gke.1502",
              "1.18.15-gke.1501",
              "1.18.15-gke.1500",
              "1.18.15-gke.1102",
              "1.18.15-gke.1100",
              "1.18.15-gke.800",
              "1.18.14-gke.1600",
              "1.18.14-gke.1200",
              "1.18.12-gke.1210",
              "1.18.12-gke.1206",
              "1.18.12-gke.1205",
              "1.18.12-gke.1201",
              "1.18.12-gke.1200",
              "1.18.12-gke.300",
              "1.18.10-gke.2701",
              "1.18.10-gke.2101",
              "1.18.10-gke.1500",
              "1.18.10-gke.601",
              "1.18.9-gke.2501",
              "1.18.9-gke.1501",
              "1.18.9-gke.801",
              "1.18.6-gke.4801",
              "1.18.6-gke.3504",
              "1.18.6-gke.3503",
              "1.17.17-gke.9100",
              "1.17.17-gke.8500",
              "1.17.17-gke.8200",
              "1.17.17-gke.7800",
              "1.17.17-gke.7200",
              "1.17.17-gke.6700",
              "1.17.17-gke.6000",
              "1.17.17-gke.5400",
              "1.17.17-gke.4900",
              "1.17.17-gke.4400",
              "1.17.17-gke.3700",
              "1.17.17-gke.3000",
              "1.17.17-gke.2800",
              "1.17.17-gke.2500",
              "1.17.17-gke.1500",
              "1.17.17-gke.1101",
              "1.17.17-gke.1100",
              "1.17.17-gke.600",
              "1.17.16-gke.1600",
              "1.17.16-gke.1300",
              "1.17.15-gke.800",
              "1.17.15-gke.300",
              "1.17.14-gke.1600",
              "1.17.14-gke.1200",
              "1.17.14-gke.400",
              "1.17.13-gke.2600",
              "1.17.13-gke.2001",
              "1.17.13-gke.1401",
              "1.17.13-gke.1400",
              "1.17.13-gke.600",
              "1.17.12-gke.2502",
              "1.17.12-gke.1504",
              "1.17.12-gke.1501",
              "1.17.12-gke.500",
              "1.17.9-gke.6300",
              "1.17.9-gke.1504",
              "1.16.15-gke.14800",
              "1.16.15-gke.12500",
              "1.16.15-gke.11800",
              "1.16.15-gke.10600",
              "1.16.15-gke.7801",
              "1.16.15-gke.7800",
              "1.16.15-gke.7300",
              "1.16.15-gke.6900",
              "1.16.15-gke.6000",
              "1.16.15-gke.5500",
              "1.16.15-gke.4901",
              "1.16.15-gke.4301",
              "1.16.15-gke.4300",
              "1.16.15-gke.3500",
              "1.16.15-gke.2601",
              "1.16.15-gke.1600",
              "1.16.15-gke.500",
              "1.16.13-gke.404",
              "1.16.13-gke.403",
              "1.16.13-gke.401",
              "1.16.13-gke.400",
              "1.16.13-gke.1",
              "1.16.11-gke.5",
              "1.16.10-gke.8",
              "1.16.9-gke.6",
              "1.16.9-gke.2",
              "1.16.8-gke.15",
              "1.16.8-gke.12",
              "1.16.8-gke.9",
              "1.15.12-gke.6002",
              "1.15.12-gke.6001",
              "1.15.12-gke.5000",
              "1.15.12-gke.4002",
              "1.15.12-gke.4000",
              "1.15.12-gke.20",
              "1.15.12-gke.17",
              "1.15.12-gke.16",
              "1.15.12-gke.13",
              "1.15.12-gke.9",
              "1.15.12-gke.6",
              "1.15.12-gke.3",
              "1.15.12-gke.2",
              "1.15.11-gke.17",
              "1.15.11-gke.15",
              "1.15.11-gke.13",
              "1.15.11-gke.12",
              "1.15.11-gke.11",
              "1.15.11-gke.9",
              "1.15.11-gke.5",
              "1.15.11-gke.3",
              "1.15.11-gke.1",
              "1.15.9-gke.26",
              "1.15.9-gke.24",
              "1.15.9-gke.22",
              "1.15.9-gke.12",
              "1.15.9-gke.9",
              "1.15.9-gke.8",
              "1.15.8-gke.3",
              "1.15.8-gke.2",
              "1.15.7-gke.23",
              "1.15.7-gke.2",
              "1.15.4-gke.22",
              "1.14.10-gke.1504",
              "1.14.10-gke.902",
              "1.14.10-gke.50",
              "1.14.10-gke.46",
              "1.14.10-gke.45",
              "1.14.10-gke.42",
              "1.14.10-gke.41",
              "1.14.10-gke.40",
              "1.14.10-gke.37",
              "1.14.10-gke.36",
              "1.14.10-gke.34",
              "1.14.10-gke.32",
              "1.14.10-gke.31",
              "1.14.10-gke.27",
              "1.14.10-gke.24",
              "1.14.10-gke.22",
              "1.14.10-gke.21",
              "1.14.10-gke.17",
              "1.14.10-gke.0",
              "1.14.9-gke.23",
              "1.14.9-gke.2",
              "1.14.9-gke.0",
              "1.14.8-gke.33",
              "1.14.8-gke.21",
              "1.14.8-gke.18",
              "1.14.8-gke.17",
              "1.14.8-gke.14",
              "1.14.8-gke.12",
              "1.14.8-gke.7",
              "1.14.8-gke.2",
              "1.14.7-gke.40",
              "1.14.7-gke.25",
              "1.14.7-gke.23",
              "1.14.7-gke.17",
              "1.14.7-gke.14",
              "1.14.7-gke.10",
              "1.14.6-gke.13",
              "1.14.6-gke.2",
              "1.14.6-gke.1",
              "1.14.3-gke.11",
              "1.14.3-gke.10",
              "1.14.3-gke.9",
              "1.14.2-gke.9",
              "1.14.1-gke.5",
              "1.13.12-gke.30",
              "1.13.12-gke.25",
              "1.13.12-gke.17",
              "1.13.12-gke.16",
              "1.13.12-gke.14",
              "1.13.12-gke.13",
              "1.13.12-gke.10",
              "1.13.12-gke.8",
              "1.13.12-gke.4",
              "1.13.12-gke.2",
              "1.13.11-gke.23",
              "1.13.11-gke.15",
              "1.13.11-gke.14",
              "1.13.11-gke.12",
              "1.13.11-gke.11",
              "1.13.11-gke.9",
              "1.13.11-gke.5",
              "1.13.10-gke.7",
              "1.13.10-gke.0",
              "1.13.9-gke.11",
              "1.13.9-gke.3",
              "1.13.7-gke.24",
              "1.13.7-gke.19",
              "1.13.7-gke.15",
              "1.13.7-gke.8",
              "1.13.7-gke.0",
              "1.13.6-gke.13",
              "1.13.6-gke.6",
              "1.13.6-gke.5",
              "1.13.6-gke.0",
              "1.13.5-gke.10",
              "1.12.10-gke.22",
              "1.12.10-gke.20",
              "1.12.10-gke.19",
              "1.12.10-gke.18",
              "1.12.10-gke.17",
              "1.12.10-gke.15",
              "1.12.10-gke.13",
              "1.12.10-gke.11",
              "1.12.10-gke.5",
              "1.12.9-gke.16",
              "1.12.9-gke.15",
              "1.12.9-gke.13",
              "1.12.9-gke.10",
              "1.12.9-gke.7",
              "1.12.9-gke.3",
              "1.12.8-gke.12",
              "1.12.8-gke.10",
              "1.12.8-gke.7",
              "1.12.8-gke.6",
              "1.12.7-gke.26",
              "1.12.7-gke.25",
              "1.12.7-gke.24",
              "1.12.7-gke.22",
              "1.12.7-gke.21",
              "1.12.7-gke.17",
              "1.12.7-gke.10",
              "1.12.7-gke.7",
              "1.12.6-gke.11",
              "1.12.6-gke.10",
              "1.12.6-gke.7",
              "1.12.5-gke.10",
              "1.12.5-gke.5",
              "1.11.10-gke.6",
              "1.11.10-gke.5"
            ],
            "version_prefix": null
          },
          "sensitive_attributes": []
        }
      ]
    },
    {
      "module": "module.gke",
      "mode": "managed",
      "type": "google_container_cluster",
      "name": "primary",
      "provider": "provider[\"registry.terraform.io/hashicorp/google\"]",
      "instances": [
        {
          "schema_version": 1,
          "attributes": {
            "addons_config": [
              {
                "cloudrun_config": [],
                "horizontal_pod_autoscaling": [
                  {
                    "disabled": false
                  }
                ],
                "http_load_balancing": [
                  {
                    "disabled": false
                  }
                ],
                "network_policy_config": [
                  {
                    "disabled": true
                  }
                ]
              }
            ],
            "authenticator_groups_config": [],
            "cluster_autoscaling": [
              {
                "auto_provisioning_defaults": [],
                "enabled": false,
                "resource_limits": []
              }
            ],
            "cluster_ipv4_cidr": "10.20.0.0/16",
            "database_encryption": [
              {
                "key_name": "",
                "state": "DECRYPTED"
              }
            ],
            "default_max_pods_per_node": 110,
            "description": "",
            "enable_binary_authorization": false,
            "enable_intranode_visibility": null,
            "enable_kubernetes_alpha": false,
            "enable_legacy_abac": false,
            "enable_shielded_nodes": true,
            "enable_tpu": null,
            "endpoint": "35.225.131.111",
            "id": "projects/progetto-test55/locations/us-central1/clusters/k8s-cluster-prod",
            "initial_node_count": 0,
            "instance_group_urls": [
              "https://www.googleapis.com/compute/v1/projects/progetto-test55/zones/us-central1-a/instanceGroups/gke-k8s-cluster-prod-default-pool-d83a6d57-grp",
              "https://www.googleapis.com/compute/v1/projects/progetto-test55/zones/us-central1-b/instanceGroups/gke-k8s-cluster-prod-default-pool-a8d22850-grp",
              "https://www.googleapis.com/compute/v1/projects/progetto-test55/zones/us-central1-f/instanceGroups/gke-k8s-cluster-prod-default-pool-83df98e1-grp",
              "https://www.googleapis.com/compute/v1/projects/progetto-test55/zones/us-central1-a/instanceGroups/gke-k8s-cluster-prod-node-pool-0d64cec0-grp",
              "https://www.googleapis.com/compute/v1/projects/progetto-test55/zones/us-central1-b/instanceGroups/gke-k8s-cluster-prod-node-pool-fd555239-grp"
            ],
            "ip_allocation_policy": [
              {
                "cluster_ipv4_cidr_block": "10.20.0.0/16",
                "cluster_secondary_range_name": "ip-range-pods",
                "services_ipv4_cidr_block": "10.30.0.0/16",
                "services_secondary_range_name": "ip-range-services"
              }
            ],
            "label_fingerprint": "a9dc16a7",
            "location": "us-central1",
            "logging_service": "logging.googleapis.com/kubernetes",
            "maintenance_policy": [
              {
                "daily_maintenance_window": [
                  {
                    "duration": "PT4H0M0S",
                    "start_time": "05:00"
                  }
                ],
                "recurring_window": []
              }
            ],
            "master_auth": [
              {
                "client_certificate": "",
                "client_certificate_config": [
                  {
                    "issue_client_certificate": false
                  }
                ],
                "client_key": "",
                "cluster_ca_certificate": "LS0tLS1CRUdJTiBDRVJUSUZJQ0FURS0tLS0tCk1JSUVMVENDQXBXZ0F3SUJBZ0lSQU9rTFJHMTROYTl1MEtyczlhZ1JkVW93RFFZSktvWklodmNOQVFFTEJRQXcKTHpFdE1Dc0dBMVVFQXhNa00yRmhZekF5T0RZdE1qSTVZUzAwTTJKaUxXRTFNall0WlRWaU56RTFaRFUxWlRKbApNQ0FYRFRJeE1URXhPVEUxTVRVeE1Wb1lEekl3TlRFeE1URXlNVFl4TlRFeFdqQXZNUzB3S3dZRFZRUURFeVF6CllXRmpNREk0TmkweU1qbGhMVFF6WW1JdFlUVXlOaTFsTldJM01UVmtOVFZsTW1Vd2dnR2lNQTBHQ1NxR1NJYjMKRFFFQkFRVUFBNElCandBd2dnR0tBb0lCZ1FEWmZWZFd6dktoNmxBZ1FDRjJYdjN0NllCNitNMWRoQ05RWU9PSwpRalc5c3NtUW9oSVBENm1XeFI1YXlBeGZVTGRBbUxFQTY1ek1KN2VjOFFUSnVJTGtTRUZsMTFFY3BuN1VVUkNtCkhFWlREMHVkMmcyRzJxckdkNGNVK25mbHAwR0wyRzRkQUY3WnVkNEM5VXpEVVFkVTRSc1liNDVQYXBYaSs5VzgKdEpCM0ZCY1Izc2lrVG5ObmFKZkxGL2thWHRxdWtoY1JXYllQeDlBNUNXQUZmUm5jTXZsVnZNZEthR1RUczJVaApLRzJJWlRzTi9NVEF3L3hKVFlsemYxTDVJU2ZmNitxRVh4bGhCazZ3VElyS01RWis0WnVyUzVlN1k2bUduRUNBCjFZUFk5Y3dnaDY3Tm1qeStrUEZKd3ZXakc5U1dRV1JRSWszR3lhd0xMUVp6SVMwdTlscG52aWtwcjBLdlJIWEMKZDJLRUROWWNQTUJ6c0xkWGU0dzFXLzBMWmoxaVNVdHJicjhMUi9Rb3RuVHF6WG00MFhIa1NvSVRvVTdIUGwwbQpjaEV5UHhETmg3blFKZTJkUEo1aU1jdDdzTUVZanUzamQ0OWtJdlB1VTNUMTU2bnJmd1VJZHVReXlLWG5wcGpTClppOWRWMXlTOFZ4aE5mWFlqcUZrVXVmcWpRRUNBd0VBQWFOQ01FQXdEZ1lEVlIwUEFRSC9CQVFEQWdJRU1BOEcKQTFVZEV3RUIvd1FGTUFNQkFmOHdIUVlEVlIwT0JCWUVGS1hmRjFGZmI0QWpEd1FyZ2VsdC9wdW8rU1BCTUEwRwpDU3FHU0liM0RRRUJDd1VBQTRJQmdRQW4yWm5KRTlMMmdaYUlZLzFraHZkRVZueWozSG4wMDRhSzR5YW84Y0ZoCmZjWXpYbkFUS1pxS3ZSRVo3VTVJZ1lEdjdyZWp5dzFneENzVm1MNXllaW9ENm14bk5VVUJyQW9rVVlRT3FySFUKZEJ6cWN2bDFGcm9KQWsvOUxmYWpxam9CVlN4VExCcC8xVFNtZ2xIWW9kWmhTdWtPcnptLzBpa2I5OFArU3RXagpDcUlodS85eWxGQ2V6YzRGVlBObUVLNE0yWEhLU290YmFWeFZiU3FsMVhNY01BZVR4Sk03UTlHWXFmbWZUTVpnCmtLQ1hxWjJpRTFNQytSTi9pcU5uMU9sRDJCcEdtT05zUzNZdFhRL3RmczdjRjdnNDU2SVlabGsrRGZrdWJRTGQKckJoSjQ3bHovOTB0U0Y2L3lOdS9wSTN3UlZyKzN2SS9UYmFVUnRWM2NsZm85eU9TdnduTVNoQmhNRWNkNWxNVApkdEhVemRNK0QyelZsVStoK2JUd2p1YXdaTHc4a0psNFdDTndRYzhiY0FLV2hZNy9MN1BVQkUyY1YvMHJkOWgyCkpDeFRkdHFiMCtRejJvRFlUSE9MQXFWaDYrK1Iyd2VjSmZkQnB0WGF2T0MzSDEzQ3QwVWZvcFpJb3pCRm1LdlUKS25UNVpxbmJOeVp3TFFaaXpGdkYwMXM9Ci0tLS0tRU5EIENFUlRJRklDQVRFLS0tLS0K",
                "password": "",
                "username": ""
              }
            ],
            "master_authorized_networks_config": [],
            "master_version": "1.21.5-gke.1802",
            "min_master_version": "1.21.5-gke.1802",
            "monitoring_service": "monitoring.googleapis.com/kubernetes",
            "name": "k8s-cluster-prod",
            "network": "projects/progetto-test55/global/networks/k8s-network-prod",
            "network_policy": [
              {
                "enabled": false,
                "provider": "PROVIDER_UNSPECIFIED"
              }
            ],
            "node_config": [
              {
                "disk_size_gb": 100,
                "disk_type": "pd-standard",
                "guest_accelerator": [],
                "image_type": "COS_CONTAINERD",
                "labels": {},
                "local_ssd_count": 0,
                "machine_type": "e2-medium",
                "metadata": {
                  "disable-legacy-endpoints": "true"
                },
                "min_cpu_platform": "",
                "oauth_scopes": [
                  "https://www.googleapis.com/auth/logging.write",
                  "https://www.googleapis.com/auth/monitoring"
                ],
                "preemptible": false,
                "service_account": "tf-gke-k8s-cluster-pro-leav@progetto-test55.iam.gserviceaccount.com",
                "shielded_instance_config": [
                  {
                    "enable_integrity_monitoring": true,
                    "enable_secure_boot": false
                  }
                ],
                "tags": [],
                "taint": [],
                "workload_metadata_config": [
                  {
                    "node_metadata": "GKE_METADATA_SERVER"
                  }
                ]
              }
            ],
            "node_locations": [
              "us-central1-a",
              "us-central1-b",
              "us-central1-f"
            ],
            "node_pool": [
              {
                "autoscaling": [],
                "initial_node_count": 0,
                "instance_group_urls": [
                  "https://www.googleapis.com/compute/v1/projects/progetto-test55/zones/us-central1-a/instanceGroupManagers/gke-k8s-cluster-prod-default-pool-d83a6d57-grp",
                  "https://www.googleapis.com/compute/v1/projects/progetto-test55/zones/us-central1-b/instanceGroupManagers/gke-k8s-cluster-prod-default-pool-a8d22850-grp",
                  "https://www.googleapis.com/compute/v1/projects/progetto-test55/zones/us-central1-f/instanceGroupManagers/gke-k8s-cluster-prod-default-pool-83df98e1-grp"
                ],
                "management": [
                  {
                    "auto_repair": true,
                    "auto_upgrade": true
                  }
                ],
                "max_pods_per_node": 110,
                "name": "default-pool",
                "name_prefix": "",
                "node_config": [
                  {
                    "disk_size_gb": 100,
                    "disk_type": "pd-standard",
                    "guest_accelerator": [],
                    "image_type": "COS_CONTAINERD",
                    "labels": {},
                    "local_ssd_count": 0,
                    "machine_type": "e2-medium",
                    "metadata": {
                      "disable-legacy-endpoints": "true"
                    },
                    "min_cpu_platform": "",
                    "oauth_scopes": [
                      "https://www.googleapis.com/auth/logging.write",
                      "https://www.googleapis.com/auth/monitoring"
                    ],
                    "preemptible": false,
                    "service_account": "tf-gke-k8s-cluster-pro-leav@progetto-test55.iam.gserviceaccount.com",
                    "shielded_instance_config": [
                      {
                        "enable_integrity_monitoring": true,
                        "enable_secure_boot": false
                      }
                    ],
                    "tags": [],
                    "taint": [],
                    "workload_metadata_config": [
                      {
                        "node_metadata": "GKE_METADATA_SERVER"
                      }
                    ]
                  }
                ],
                "node_count": 0,
                "node_locations": [
                  "us-central1-a",
                  "us-central1-b",
                  "us-central1-f"
                ],
                "upgrade_settings": [
                  {
                    "max_surge": 1,
                    "max_unavailable": 0
                  }
                ],
                "version": "1.21.5-gke.1802"
              },
              {
                "autoscaling": [
                  {
                    "max_node_count": 2,
                    "min_node_count": 1
                  }
                ],
                "initial_node_count": 1,
                "instance_group_urls": [
                  "https://www.googleapis.com/compute/v1/projects/progetto-test55/zones/us-central1-a/instanceGroupManagers/gke-k8s-cluster-prod-node-pool-0d64cec0-grp",
                  "https://www.googleapis.com/compute/v1/projects/progetto-test55/zones/us-central1-b/instanceGroupManagers/gke-k8s-cluster-prod-node-pool-fd555239-grp"
                ],
                "management": [
                  {
                    "auto_repair": true,
                    "auto_upgrade": true
                  }
                ],
                "max_pods_per_node": 110,
                "name": "node-pool",
                "name_prefix": "",
                "node_config": [
                  {
                    "disk_size_gb": 30,
                    "disk_type": "pd-standard",
                    "guest_accelerator": [],
                    "image_type": "COS",
                    "labels": {
                      "cluster_name": "k8s-cluster-prod",
                      "node_pool": "node-pool"
                    },
                    "local_ssd_count": 0,
                    "machine_type": "e2-medium",
                    "metadata": {
                      "cluster_name": "k8s-cluster-prod",
                      "disable-legacy-endpoints": "true",
                      "node_pool": "node-pool"
                    },
                    "min_cpu_platform": "",
                    "oauth_scopes": [
                      "https://www.googleapis.com/auth/cloud-platform"
                    ],
                    "preemptible": false,
                    "service_account": "tf-gke-k8s-cluster-pro-leav@progetto-test55.iam.gserviceaccount.com",
                    "shielded_instance_config": [
                      {
                        "enable_integrity_monitoring": true,
                        "enable_secure_boot": false
                      }
                    ],
                    "tags": [
                      "gke-k8s-cluster-prod",
                      "gke-k8s-cluster-prod-node-pool"
                    ],
                    "taint": [],
                    "workload_metadata_config": [
                      {
                        "node_metadata": "GKE_METADATA_SERVER"
                      }
                    ]
                  }
                ],
                "node_count": 1,
                "node_locations": [
                  "us-central1-a",
                  "us-central1-b"
                ],
                "upgrade_settings": [
                  {
                    "max_surge": 1,
                    "max_unavailable": 0
                  }
                ],
                "version": "1.21.5-gke.1802"
              }
            ],
            "node_version": "1.21.5-gke.1802",
            "operation": null,
            "pod_security_policy_config": [],
            "private_cluster_config": [],
            "project": "progetto-test55",
            "release_channel": [
              {
                "channel": "UNSPECIFIED"
              }
            ],
            "remove_default_node_pool": false,
            "resource_labels": {},
            "resource_usage_export_config": [],
            "self_link": "https://container.googleapis.com/v1beta1/projects/progetto-test55/locations/us-central1/clusters/k8s-cluster-prod",
            "services_ipv4_cidr": "10.30.0.0/16",
            "subnetwork": "projects/progetto-test55/regions/us-central1/subnetworks/k8s-subnet-prod",
            "timeouts": {
              "create": "45m",
              "delete": "45m",
              "read": null,
              "update": "45m"
            },
            "vertical_pod_autoscaling": [
              {
                "enabled": false
              }
            ],
            "workload_identity_config": [
              {
                "identity_namespace": "progetto-test55.svc.id.goog"
              }
            ]
          },
          "sensitive_attributes": [],
          "private": "eyJlMmJmYjczMC1lY2FhLTExZTYtOGY4OC0zNDM2M2JjN2M0YzAiOnsiY3JlYXRlIjoyNzAwMDAwMDAwMDAwLCJkZWxldGUiOjI3MDAwMDAwMDAwMDAsInJlYWQiOjI0MDAwMDAwMDAwMDAsInVwZGF0ZSI6MjcwMDAwMDAwMDAwMH0sInNjaGVtYV92ZXJzaW9uIjoiMSJ9",
          "dependencies": [
            "module.gcp-network.module.subnets.google_compute_subnetwork.subnetwork",
            "module.gcp-network.module.vpc.google_compute_network.network",
            "module.gke.data.google_compute_zones.available",
            "module.gke.data.google_container_engine_versions.region",
            "module.gke.data.google_container_engine_versions.zone",
            "module.gke.google_service_account.cluster_service_account",
            "module.gke.random_shuffle.available_zones",
            "module.gke.random_string.cluster_service_account_suffix"
          ]
        }
      ]
    },
    {
      "module": "module.gke",
      "mode": "managed",
      "type": "google_container_node_pool",
      "name": "pools",
      "provider": "provider[\"registry.terraform.io/hashicorp/google\"]",
      "instances": [
        {
          "index_key": "node-pool",
          "schema_version": 1,
          "attributes": {
            "autoscaling": [
              {
                "max_node_count": 2,
                "min_node_count": 1
              }
            ],
            "cluster": "k8s-cluster-prod",
            "id": "projects/progetto-test55/locations/us-central1/clusters/k8s-cluster-prod/nodePools/node-pool",
            "initial_node_count": 1,
            "instance_group_urls": [
              "https://www.googleapis.com/compute/v1/projects/progetto-test55/zones/us-central1-a/instanceGroupManagers/gke-k8s-cluster-prod-node-pool-0d64cec0-grp",
              "https://www.googleapis.com/compute/v1/projects/progetto-test55/zones/us-central1-b/instanceGroupManagers/gke-k8s-cluster-prod-node-pool-fd555239-grp"
            ],
            "location": "us-central1",
            "management": [
              {
                "auto_repair": true,
                "auto_upgrade": true
              }
            ],
            "max_pods_per_node": 110,
            "name": "node-pool",
            "name_prefix": "",
            "node_config": [
              {
                "disk_size_gb": 30,
                "disk_type": "pd-standard",
                "guest_accelerator": [],
                "image_type": "COS",
                "labels": {
                  "cluster_name": "k8s-cluster-prod",
                  "node_pool": "node-pool"
                },
                "local_ssd_count": 0,
                "machine_type": "e2-medium",
                "metadata": {
                  "cluster_name": "k8s-cluster-prod",
                  "disable-legacy-endpoints": "true",
                  "node_pool": "node-pool"
                },
                "min_cpu_platform": "",
                "oauth_scopes": [
                  "https://www.googleapis.com/auth/cloud-platform"
                ],
                "preemptible": false,
                "service_account": "tf-gke-k8s-cluster-pro-leav@progetto-test55.iam.gserviceaccount.com",
                "shielded_instance_config": [
                  {
                    "enable_integrity_monitoring": true,
                    "enable_secure_boot": false
                  }
                ],
                "tags": [
                  "gke-k8s-cluster-prod",
                  "gke-k8s-cluster-prod-node-pool"
                ],
                "taint": [],
                "workload_metadata_config": [
                  {
                    "node_metadata": "GKE_METADATA_SERVER"
                  }
                ]
              }
            ],
            "node_count": 1,
            "node_locations": [
              "us-central1-a",
              "us-central1-b"
            ],
            "project": "progetto-test55",
            "timeouts": {
              "create": "45m",
              "delete": "45m",
              "update": "45m"
            },
            "upgrade_settings": [
              {
                "max_surge": 1,
                "max_unavailable": 0
              }
            ],
            "version": "1.21.5-gke.1802"
          },
          "sensitive_attributes": [],
          "private": "eyJlMmJmYjczMC1lY2FhLTExZTYtOGY4OC0zNDM2M2JjN2M0YzAiOnsiY3JlYXRlIjoyNzAwMDAwMDAwMDAwLCJkZWxldGUiOjI3MDAwMDAwMDAwMDAsInVwZGF0ZSI6MjcwMDAwMDAwMDAwMH0sInNjaGVtYV92ZXJzaW9uIjoiMSJ9",
          "dependencies": [
            "module.gcp-network.module.vpc.google_compute_network.network",
            "module.gke.data.google_compute_zones.available",
            "module.gke.data.google_container_engine_versions.region",
            "module.gke.random_shuffle.available_zones",
            "module.gke.random_string.cluster_service_account_suffix",
            "module.gcp-network.module.subnets.google_compute_subnetwork.subnetwork",
            "module.gke.data.google_container_engine_versions.zone",
            "module.gke.google_container_cluster.primary",
            "module.gke.google_service_account.cluster_service_account"
          ]
        }
      ]
    },
    {
      "module": "module.gke",
      "mode": "managed",
      "type": "google_project_iam_member",
      "name": "cluster_service_account-log_writer",
      "provider": "provider[\"registry.terraform.io/hashicorp/google\"]",
      "instances": [
        {
          "index_key": 0,
          "schema_version": 0,
          "attributes": {
            "condition": [],
            "etag": "BwXRKAq13Zs=",
            "id": "progetto-test55/roles/logging.logWriter/serviceaccount:tf-gke-k8s-cluster-pro-leav@progetto-test55.iam.gserviceaccount.com",
            "member": "serviceAccount:tf-gke-k8s-cluster-pro-leav@progetto-test55.iam.gserviceaccount.com",
            "project": "progetto-test55",
            "role": "roles/logging.logWriter"
          },
          "sensitive_attributes": [],
          "private": "bnVsbA==",
          "dependencies": [
            "module.gke.google_service_account.cluster_service_account",
            "module.gke.random_string.cluster_service_account_suffix"
          ]
        }
      ]
    },
    {
      "module": "module.gke",
      "mode": "managed",
      "type": "google_project_iam_member",
      "name": "cluster_service_account-metric_writer",
      "provider": "provider[\"registry.terraform.io/hashicorp/google\"]",
      "instances": [
        {
          "index_key": 0,
          "schema_version": 0,
          "attributes": {
            "condition": [],
            "etag": "BwXRKAq13Zs=",
            "id": "progetto-test55/roles/monitoring.metricWriter/serviceaccount:tf-gke-k8s-cluster-pro-leav@progetto-test55.iam.gserviceaccount.com",
            "member": "serviceAccount:tf-gke-k8s-cluster-pro-leav@progetto-test55.iam.gserviceaccount.com",
            "project": "progetto-test55",
            "role": "roles/monitoring.metricWriter"
          },
          "sensitive_attributes": [],
          "private": "bnVsbA==",
          "dependencies": [
            "module.gke.google_service_account.cluster_service_account",
            "module.gke.random_string.cluster_service_account_suffix",
            "module.gke.google_project_iam_member.cluster_service_account-log_writer"
          ]
        }
      ]
    },
    {
      "module": "module.gke",
      "mode": "managed",
      "type": "google_project_iam_member",
      "name": "cluster_service_account-monitoring_viewer",
      "provider": "provider[\"registry.terraform.io/hashicorp/google\"]",
      "instances": [
        {
          "index_key": 0,
          "schema_version": 0,
          "attributes": {
            "condition": [],
            "etag": "BwXRKAq13Zs=",
            "id": "progetto-test55/roles/monitoring.viewer/serviceaccount:tf-gke-k8s-cluster-pro-leav@progetto-test55.iam.gserviceaccount.com",
            "member": "serviceAccount:tf-gke-k8s-cluster-pro-leav@progetto-test55.iam.gserviceaccount.com",
            "project": "progetto-test55",
            "role": "roles/monitoring.viewer"
          },
          "sensitive_attributes": [],
          "private": "bnVsbA==",
          "dependencies": [
            "module.gke.google_project_iam_member.cluster_service_account-log_writer",
            "module.gke.google_project_iam_member.cluster_service_account-metric_writer",
            "module.gke.google_service_account.cluster_service_account",
            "module.gke.random_string.cluster_service_account_suffix"
          ]
        }
      ]
    },
    {
      "module": "module.gke",
      "mode": "managed",
      "type": "google_project_iam_member",
      "name": "cluster_service_account-resourceMetadata-writer",
      "provider": "provider[\"registry.terraform.io/hashicorp/google\"]",
      "instances": [
        {
          "index_key": 0,
          "schema_version": 0,
          "attributes": {
            "condition": [],
            "etag": "BwXRKAq13Zs=",
            "id": "progetto-test55/roles/stackdriver.resourceMetadata.writer/serviceaccount:tf-gke-k8s-cluster-pro-leav@progetto-test55.iam.gserviceaccount.com",
            "member": "serviceAccount:tf-gke-k8s-cluster-pro-leav@progetto-test55.iam.gserviceaccount.com",
            "project": "progetto-test55",
            "role": "roles/stackdriver.resourceMetadata.writer"
          },
          "sensitive_attributes": [],
          "private": "bnVsbA==",
          "dependencies": [
            "module.gke.google_project_iam_member.cluster_service_account-metric_writer",
            "module.gke.google_project_iam_member.cluster_service_account-monitoring_viewer",
            "module.gke.google_service_account.cluster_service_account",
            "module.gke.random_string.cluster_service_account_suffix",
            "module.gke.google_project_iam_member.cluster_service_account-log_writer"
          ]
        }
      ]
    },
    {
      "module": "module.gke",
      "mode": "managed",
      "type": "google_service_account",
      "name": "cluster_service_account",
      "provider": "provider[\"registry.terraform.io/hashicorp/google\"]",
      "instances": [
        {
          "index_key": 0,
          "schema_version": 0,
          "attributes": {
            "account_id": "tf-gke-k8s-cluster-pro-leav",
            "description": "",
            "display_name": "Terraform-managed service account for cluster k8s-cluster-prod",
            "email": "tf-gke-k8s-cluster-pro-leav@progetto-test55.iam.gserviceaccount.com",
            "id": "projects/progetto-test55/serviceAccounts/tf-gke-k8s-cluster-pro-leav@progetto-test55.iam.gserviceaccount.com",
            "name": "projects/progetto-test55/serviceAccounts/tf-gke-k8s-cluster-pro-leav@progetto-test55.iam.gserviceaccount.com",
            "project": "progetto-test55",
            "timeouts": null,
            "unique_id": "108057894193041408153"
          },
          "sensitive_attributes": [],
          "private": "eyJlMmJmYjczMC1lY2FhLTExZTYtOGY4OC0zNDM2M2JjN2M0YzAiOnsiY3JlYXRlIjozMDAwMDAwMDAwMDB9fQ==",
          "dependencies": [
            "module.gke.random_string.cluster_service_account_suffix"
          ]
        }
      ]
    },
    {
      "module": "module.gke",
      "mode": "managed",
      "type": "random_shuffle",
      "name": "available_zones",
      "provider": "provider[\"registry.terraform.io/hashicorp/random\"]",
      "instances": [
        {
          "schema_version": 0,
          "attributes": {
            "id": "-",
            "input": [
              "us-central1-a",
              "us-central1-b",
              "us-central1-c",
              "us-central1-f"
            ],
            "keepers": null,
            "result": [
              "us-central1-b",
              "us-central1-a",
              "us-central1-f"
            ],
            "result_count": 3,
            "seed": null
          },
          "sensitive_attributes": [],
          "private": "bnVsbA==",
          "dependencies": [
            "module.gke.data.google_compute_zones.available"
          ]
        }
      ]
    },
    {
      "module": "module.gke",
      "mode": "managed",
      "type": "random_string",
      "name": "cluster_service_account_suffix",
      "provider": "provider[\"registry.terraform.io/hashicorp/random\"]",
      "instances": [
        {
          "schema_version": 1,
          "attributes": {
            "id": "leav",
            "keepers": null,
            "length": 4,
            "lower": true,
            "min_lower": 0,
            "min_numeric": 0,
            "min_special": 0,
            "min_upper": 0,
            "number": true,
            "override_special": null,
            "result": "leav",
            "special": false,
            "upper": false
          },
          "sensitive_attributes": [],
          "private": "eyJzY2hlbWFfdmVyc2lvbiI6IjEifQ=="
        }
      ]
    },
    {
      "module": "module.gke.module.gcloud_delete_default_kube_dns_configmap.module.gcloud_kubectl",
      "mode": "managed",
      "type": "null_resource",
      "name": "module_depends_on",
      "provider": "provider[\"registry.terraform.io/hashicorp/null\"]",
      "instances": [
        {
          "index_key": 0,
          "schema_version": 0,
          "attributes": {
            "id": "6895148694167171208",
            "triggers": {
              "value": "2"
            }
          },
          "sensitive_attributes": [],
          "private": "bnVsbA==",
          "dependencies": [
            "module.gke.google_container_cluster.primary",
            "module.gke.google_container_node_pool.pools",
            "module.gke.random_shuffle.available_zones",
            "module.gcp-network.module.subnets.google_compute_subnetwork.subnetwork",
            "module.gcp-network.module.vpc.google_compute_network.network",
            "module.gke.data.google_compute_zones.available",
            "module.gke.data.google_container_engine_versions.region",
            "module.gke.data.google_container_engine_versions.zone",
            "module.gke.google_service_account.cluster_service_account",
            "module.gke.random_string.cluster_service_account_suffix"
          ]
        }
      ]
    },
    {
      "module": "module.gke_auth",
      "mode": "data",
      "type": "google_client_config",
      "name": "provider",
      "provider": "provider[\"registry.terraform.io/hashicorp/google\"]",
      "instances": [
        {
          "schema_version": 0,
          "attributes": {
            "access_token": "ya29.c.b0AXv0zTNB_E5GLZgZT6VhVVd-_u9vDmvyYXh-QrGgFWSPlWUnXpCnb8Lt_CiMN-yEDDEN1KhXVxn0D3gBzirSK9lhi7EVKFpnL8wUGtiKcz7bNAUIYDA2mhAp-Ompc16NRwRhb2LtftngNpTFVhXaVmxiWhpujs7WRaT7USpBIPz43ICQF3sUgUWJj2nEx4tRRBO3bK8xcWz8_SMWZvp3T_rdfVCDxuizmA5ZbDl4fQ",
            "id": "projects/progetto-test55/regions/us-central1/zones/us-central1-b",
            "project": "progetto-test55",
            "region": "us-central1",
            "zone": "us-central1-b"
          },
          "sensitive_attributes": []
        }
      ]
    },
    {
      "module": "module.gke_auth",
      "mode": "data",
      "type": "google_container_cluster",
      "name": "gke_cluster",
      "provider": "provider[\"registry.terraform.io/hashicorp/google\"]",
      "instances": [
        {
          "schema_version": 0,
          "attributes": {
            "addons_config": [
              {
                "cloudrun_config": [],
                "horizontal_pod_autoscaling": [
                  {
                    "disabled": false
                  }
                ],
                "http_load_balancing": [
                  {
                    "disabled": false
                  }
                ],
                "network_policy_config": [
                  {
                    "disabled": true
                  }
                ]
              }
            ],
            "authenticator_groups_config": [],
            "cluster_autoscaling": [
              {
                "auto_provisioning_defaults": [],
                "enabled": false,
                "resource_limits": []
              }
            ],
            "cluster_ipv4_cidr": "10.20.0.0/16",
            "database_encryption": [
              {
                "key_name": "",
                "state": "DECRYPTED"
              }
            ],
            "default_max_pods_per_node": 110,
            "description": "",
            "enable_binary_authorization": false,
            "enable_intranode_visibility": null,
            "enable_kubernetes_alpha": false,
            "enable_legacy_abac": false,
            "enable_shielded_nodes": true,
            "enable_tpu": null,
            "endpoint": "35.225.131.111",
            "id": "projects/progetto-test55/locations/us-central1/clusters/k8s-cluster-prod",
            "initial_node_count": 0,
            "instance_group_urls": [
              "https://www.googleapis.com/compute/v1/projects/progetto-test55/zones/us-central1-a/instanceGroups/gke-k8s-cluster-prod-default-pool-d83a6d57-grp",
              "https://www.googleapis.com/compute/v1/projects/progetto-test55/zones/us-central1-b/instanceGroups/gke-k8s-cluster-prod-default-pool-a8d22850-grp",
              "https://www.googleapis.com/compute/v1/projects/progetto-test55/zones/us-central1-f/instanceGroups/gke-k8s-cluster-prod-default-pool-83df98e1-grp",
              "https://www.googleapis.com/compute/v1/projects/progetto-test55/zones/us-central1-a/instanceGroups/gke-k8s-cluster-prod-node-pool-0d64cec0-grp",
              "https://www.googleapis.com/compute/v1/projects/progetto-test55/zones/us-central1-b/instanceGroups/gke-k8s-cluster-prod-node-pool-fd555239-grp"
            ],
            "ip_allocation_policy": [
              {
                "cluster_ipv4_cidr_block": "10.20.0.0/16",
                "cluster_secondary_range_name": "ip-range-pods",
                "services_ipv4_cidr_block": "10.30.0.0/16",
                "services_secondary_range_name": "ip-range-services"
              }
            ],
            "label_fingerprint": "a9dc16a7",
            "location": "us-central1",
            "logging_service": "logging.googleapis.com/kubernetes",
            "maintenance_policy": [
              {
                "daily_maintenance_window": [
                  {
                    "duration": "PT4H0M0S",
                    "start_time": "05:00"
                  }
                ],
                "recurring_window": []
              }
            ],
            "master_auth": [
              {
                "client_certificate": "",
                "client_certificate_config": [
                  {
                    "issue_client_certificate": false
                  }
                ],
                "client_key": "",
                "cluster_ca_certificate": "LS0tLS1CRUdJTiBDRVJUSUZJQ0FURS0tLS0tCk1JSUVMVENDQXBXZ0F3SUJBZ0lSQU9rTFJHMTROYTl1MEtyczlhZ1JkVW93RFFZSktvWklodmNOQVFFTEJRQXcKTHpFdE1Dc0dBMVVFQXhNa00yRmhZekF5T0RZdE1qSTVZUzAwTTJKaUxXRTFNall0WlRWaU56RTFaRFUxWlRKbApNQ0FYRFRJeE1URXhPVEUxTVRVeE1Wb1lEekl3TlRFeE1URXlNVFl4TlRFeFdqQXZNUzB3S3dZRFZRUURFeVF6CllXRmpNREk0TmkweU1qbGhMVFF6WW1JdFlUVXlOaTFsTldJM01UVmtOVFZsTW1Vd2dnR2lNQTBHQ1NxR1NJYjMKRFFFQkFRVUFBNElCandBd2dnR0tBb0lCZ1FEWmZWZFd6dktoNmxBZ1FDRjJYdjN0NllCNitNMWRoQ05RWU9PSwpRalc5c3NtUW9oSVBENm1XeFI1YXlBeGZVTGRBbUxFQTY1ek1KN2VjOFFUSnVJTGtTRUZsMTFFY3BuN1VVUkNtCkhFWlREMHVkMmcyRzJxckdkNGNVK25mbHAwR0wyRzRkQUY3WnVkNEM5VXpEVVFkVTRSc1liNDVQYXBYaSs5VzgKdEpCM0ZCY1Izc2lrVG5ObmFKZkxGL2thWHRxdWtoY1JXYllQeDlBNUNXQUZmUm5jTXZsVnZNZEthR1RUczJVaApLRzJJWlRzTi9NVEF3L3hKVFlsemYxTDVJU2ZmNitxRVh4bGhCazZ3VElyS01RWis0WnVyUzVlN1k2bUduRUNBCjFZUFk5Y3dnaDY3Tm1qeStrUEZKd3ZXakc5U1dRV1JRSWszR3lhd0xMUVp6SVMwdTlscG52aWtwcjBLdlJIWEMKZDJLRUROWWNQTUJ6c0xkWGU0dzFXLzBMWmoxaVNVdHJicjhMUi9Rb3RuVHF6WG00MFhIa1NvSVRvVTdIUGwwbQpjaEV5UHhETmg3blFKZTJkUEo1aU1jdDdzTUVZanUzamQ0OWtJdlB1VTNUMTU2bnJmd1VJZHVReXlLWG5wcGpTClppOWRWMXlTOFZ4aE5mWFlqcUZrVXVmcWpRRUNBd0VBQWFOQ01FQXdEZ1lEVlIwUEFRSC9CQVFEQWdJRU1BOEcKQTFVZEV3RUIvd1FGTUFNQkFmOHdIUVlEVlIwT0JCWUVGS1hmRjFGZmI0QWpEd1FyZ2VsdC9wdW8rU1BCTUEwRwpDU3FHU0liM0RRRUJDd1VBQTRJQmdRQW4yWm5KRTlMMmdaYUlZLzFraHZkRVZueWozSG4wMDRhSzR5YW84Y0ZoCmZjWXpYbkFUS1pxS3ZSRVo3VTVJZ1lEdjdyZWp5dzFneENzVm1MNXllaW9ENm14bk5VVUJyQW9rVVlRT3FySFUKZEJ6cWN2bDFGcm9KQWsvOUxmYWpxam9CVlN4VExCcC8xVFNtZ2xIWW9kWmhTdWtPcnptLzBpa2I5OFArU3RXagpDcUlodS85eWxGQ2V6YzRGVlBObUVLNE0yWEhLU290YmFWeFZiU3FsMVhNY01BZVR4Sk03UTlHWXFmbWZUTVpnCmtLQ1hxWjJpRTFNQytSTi9pcU5uMU9sRDJCcEdtT05zUzNZdFhRL3RmczdjRjdnNDU2SVlabGsrRGZrdWJRTGQKckJoSjQ3bHovOTB0U0Y2L3lOdS9wSTN3UlZyKzN2SS9UYmFVUnRWM2NsZm85eU9TdnduTVNoQmhNRWNkNWxNVApkdEhVemRNK0QyelZsVStoK2JUd2p1YXdaTHc4a0psNFdDTndRYzhiY0FLV2hZNy9MN1BVQkUyY1YvMHJkOWgyCkpDeFRkdHFiMCtRejJvRFlUSE9MQXFWaDYrK1Iyd2VjSmZkQnB0WGF2T0MzSDEzQ3QwVWZvcFpJb3pCRm1LdlUKS25UNVpxbmJOeVp3TFFaaXpGdkYwMXM9Ci0tLS0tRU5EIENFUlRJRklDQVRFLS0tLS0K",
                "password": "",
                "username": ""
              }
            ],
            "master_authorized_networks_config": [],
            "master_version": "1.21.5-gke.1802",
            "min_master_version": null,
            "monitoring_service": "monitoring.googleapis.com/kubernetes",
            "name": "k8s-cluster-prod",
            "network": "projects/progetto-test55/global/networks/k8s-network-prod",
            "network_policy": [
              {
                "enabled": false,
                "provider": "PROVIDER_UNSPECIFIED"
              }
            ],
            "node_config": [
              {
                "disk_size_gb": 100,
                "disk_type": "pd-standard",
                "guest_accelerator": [],
                "image_type": "COS_CONTAINERD",
                "labels": {},
                "local_ssd_count": 0,
                "machine_type": "e2-medium",
                "metadata": {
                  "disable-legacy-endpoints": "true"
                },
                "min_cpu_platform": "",
                "oauth_scopes": [
                  "https://www.googleapis.com/auth/logging.write",
                  "https://www.googleapis.com/auth/monitoring"
                ],
                "preemptible": false,
                "service_account": "tf-gke-k8s-cluster-pro-leav@progetto-test55.iam.gserviceaccount.com",
                "shielded_instance_config": [
                  {
                    "enable_integrity_monitoring": true,
                    "enable_secure_boot": false
                  }
                ],
                "tags": [],
                "taint": [],
                "workload_metadata_config": [
                  {
                    "node_metadata": "GKE_METADATA_SERVER"
                  }
                ]
              }
            ],
            "node_locations": [
              "us-central1-a",
              "us-central1-b",
              "us-central1-f"
            ],
            "node_pool": [
              {
                "autoscaling": [],
                "initial_node_count": 0,
                "instance_group_urls": [
                  "https://www.googleapis.com/compute/v1/projects/progetto-test55/zones/us-central1-a/instanceGroupManagers/gke-k8s-cluster-prod-default-pool-d83a6d57-grp",
                  "https://www.googleapis.com/compute/v1/projects/progetto-test55/zones/us-central1-b/instanceGroupManagers/gke-k8s-cluster-prod-default-pool-a8d22850-grp",
                  "https://www.googleapis.com/compute/v1/projects/progetto-test55/zones/us-central1-f/instanceGroupManagers/gke-k8s-cluster-prod-default-pool-83df98e1-grp"
                ],
                "management": [
                  {
                    "auto_repair": true,
                    "auto_upgrade": true
                  }
                ],
                "max_pods_per_node": 110,
                "name": "default-pool",
                "name_prefix": "",
                "node_config": [
                  {
                    "disk_size_gb": 100,
                    "disk_type": "pd-standard",
                    "guest_accelerator": [],
                    "image_type": "COS_CONTAINERD",
                    "labels": {},
                    "local_ssd_count": 0,
                    "machine_type": "e2-medium",
                    "metadata": {
                      "disable-legacy-endpoints": "true"
                    },
                    "min_cpu_platform": "",
                    "oauth_scopes": [
                      "https://www.googleapis.com/auth/logging.write",
                      "https://www.googleapis.com/auth/monitoring"
                    ],
                    "preemptible": false,
                    "service_account": "tf-gke-k8s-cluster-pro-leav@progetto-test55.iam.gserviceaccount.com",
                    "shielded_instance_config": [
                      {
                        "enable_integrity_monitoring": true,
                        "enable_secure_boot": false
                      }
                    ],
                    "tags": [],
                    "taint": [],
                    "workload_metadata_config": [
                      {
                        "node_metadata": "GKE_METADATA_SERVER"
                      }
                    ]
                  }
                ],
                "node_count": 0,
                "node_locations": [
                  "us-central1-a",
                  "us-central1-b",
                  "us-central1-f"
                ],
                "upgrade_settings": [
                  {
                    "max_surge": 1,
                    "max_unavailable": 0
                  }
                ],
                "version": "1.21.5-gke.1802"
              },
              {
                "autoscaling": [
                  {
                    "max_node_count": 2,
                    "min_node_count": 1
                  }
                ],
                "initial_node_count": 1,
                "instance_group_urls": [
                  "https://www.googleapis.com/compute/v1/projects/progetto-test55/zones/us-central1-a/instanceGroupManagers/gke-k8s-cluster-prod-node-pool-0d64cec0-grp",
                  "https://www.googleapis.com/compute/v1/projects/progetto-test55/zones/us-central1-b/instanceGroupManagers/gke-k8s-cluster-prod-node-pool-fd555239-grp"
                ],
                "management": [
                  {
                    "auto_repair": true,
                    "auto_upgrade": true
                  }
                ],
                "max_pods_per_node": 110,
                "name": "node-pool",
                "name_prefix": "",
                "node_config": [
                  {
                    "disk_size_gb": 30,
                    "disk_type": "pd-standard",
                    "guest_accelerator": [],
                    "image_type": "COS",
                    "labels": {
                      "cluster_name": "k8s-cluster-prod",
                      "node_pool": "node-pool"
                    },
                    "local_ssd_count": 0,
                    "machine_type": "e2-medium",
                    "metadata": {
                      "cluster_name": "k8s-cluster-prod",
                      "disable-legacy-endpoints": "true",
                      "node_pool": "node-pool"
                    },
                    "min_cpu_platform": "",
                    "oauth_scopes": [
                      "https://www.googleapis.com/auth/cloud-platform"
                    ],
                    "preemptible": false,
                    "service_account": "tf-gke-k8s-cluster-pro-leav@progetto-test55.iam.gserviceaccount.com",
                    "shielded_instance_config": [
                      {
                        "enable_integrity_monitoring": true,
                        "enable_secure_boot": false
                      }
                    ],
                    "tags": [
                      "gke-k8s-cluster-prod",
                      "gke-k8s-cluster-prod-node-pool"
                    ],
                    "taint": [],
                    "workload_metadata_config": [
                      {
                        "node_metadata": "GKE_METADATA_SERVER"
                      }
                    ]
                  }
                ],
                "node_count": 1,
                "node_locations": [
                  "us-central1-a",
                  "us-central1-b"
                ],
                "upgrade_settings": [
                  {
                    "max_surge": 1,
                    "max_unavailable": 0
                  }
                ],
                "version": "1.21.5-gke.1802"
              }
            ],
            "node_version": "1.21.5-gke.1802",
            "operation": null,
            "pod_security_policy_config": null,
            "private_cluster_config": [],
            "project": "progetto-test55",
            "release_channel": [
              {
                "channel": "UNSPECIFIED"
              }
            ],
            "remove_default_node_pool": null,
            "resource_labels": {},
            "resource_usage_export_config": [],
            "self_link": "https://container.googleapis.com/v1beta1/projects/progetto-test55/locations/us-central1/clusters/k8s-cluster-prod",
            "services_ipv4_cidr": "10.30.0.0/16",
            "subnetwork": "projects/progetto-test55/regions/us-central1/subnetworks/k8s-subnet-prod",
            "vertical_pod_autoscaling": [
              {
                "enabled": false
              }
            ],
            "workload_identity_config": [
              {
                "identity_namespace": "progetto-test55.svc.id.goog"
              }
            ]
          },
          "sensitive_attributes": []
        }
      ]
    },
    {
      "module": "module.gke_auth",
      "mode": "data",
      "type": "template_file",
      "name": "kubeconfig",
      "provider": "provider[\"registry.terraform.io/hashicorp/template\"]",
      "instances": [
        {
          "schema_version": 0,
          "attributes": {
            "filename": null,
            "id": "df8340b1990848974d52cf8b200058bcaec73fca7fa2098010cd7cf8bdae993d",
            "rendered": "apiVersion: v1\nclusters:\n- cluster:\n    certificate-authority-data: LS0tLS1CRUdJTiBDRVJUSUZJQ0FURS0tLS0tCk1JSUVMVENDQXBXZ0F3SUJBZ0lSQU9rTFJHMTROYTl1MEtyczlhZ1JkVW93RFFZSktvWklodmNOQVFFTEJRQXcKTHpFdE1Dc0dBMVVFQXhNa00yRmhZekF5T0RZdE1qSTVZUzAwTTJKaUxXRTFNall0WlRWaU56RTFaRFUxWlRKbApNQ0FYRFRJeE1URXhPVEUxTVRVeE1Wb1lEekl3TlRFeE1URXlNVFl4TlRFeFdqQXZNUzB3S3dZRFZRUURFeVF6CllXRmpNREk0TmkweU1qbGhMVFF6WW1JdFlUVXlOaTFsTldJM01UVmtOVFZsTW1Vd2dnR2lNQTBHQ1NxR1NJYjMKRFFFQkFRVUFBNElCandBd2dnR0tBb0lCZ1FEWmZWZFd6dktoNmxBZ1FDRjJYdjN0NllCNitNMWRoQ05RWU9PSwpRalc5c3NtUW9oSVBENm1XeFI1YXlBeGZVTGRBbUxFQTY1ek1KN2VjOFFUSnVJTGtTRUZsMTFFY3BuN1VVUkNtCkhFWlREMHVkMmcyRzJxckdkNGNVK25mbHAwR0wyRzRkQUY3WnVkNEM5VXpEVVFkVTRSc1liNDVQYXBYaSs5VzgKdEpCM0ZCY1Izc2lrVG5ObmFKZkxGL2thWHRxdWtoY1JXYllQeDlBNUNXQUZmUm5jTXZsVnZNZEthR1RUczJVaApLRzJJWlRzTi9NVEF3L3hKVFlsemYxTDVJU2ZmNitxRVh4bGhCazZ3VElyS01RWis0WnVyUzVlN1k2bUduRUNBCjFZUFk5Y3dnaDY3Tm1qeStrUEZKd3ZXakc5U1dRV1JRSWszR3lhd0xMUVp6SVMwdTlscG52aWtwcjBLdlJIWEMKZDJLRUROWWNQTUJ6c0xkWGU0dzFXLzBMWmoxaVNVdHJicjhMUi9Rb3RuVHF6WG00MFhIa1NvSVRvVTdIUGwwbQpjaEV5UHhETmg3blFKZTJkUEo1aU1jdDdzTUVZanUzamQ0OWtJdlB1VTNUMTU2bnJmd1VJZHVReXlLWG5wcGpTClppOWRWMXlTOFZ4aE5mWFlqcUZrVXVmcWpRRUNBd0VBQWFOQ01FQXdEZ1lEVlIwUEFRSC9CQVFEQWdJRU1BOEcKQTFVZEV3RUIvd1FGTUFNQkFmOHdIUVlEVlIwT0JCWUVGS1hmRjFGZmI0QWpEd1FyZ2VsdC9wdW8rU1BCTUEwRwpDU3FHU0liM0RRRUJDd1VBQTRJQmdRQW4yWm5KRTlMMmdaYUlZLzFraHZkRVZueWozSG4wMDRhSzR5YW84Y0ZoCmZjWXpYbkFUS1pxS3ZSRVo3VTVJZ1lEdjdyZWp5dzFneENzVm1MNXllaW9ENm14bk5VVUJyQW9rVVlRT3FySFUKZEJ6cWN2bDFGcm9KQWsvOUxmYWpxam9CVlN4VExCcC8xVFNtZ2xIWW9kWmhTdWtPcnptLzBpa2I5OFArU3RXagpDcUlodS85eWxGQ2V6YzRGVlBObUVLNE0yWEhLU290YmFWeFZiU3FsMVhNY01BZVR4Sk03UTlHWXFmbWZUTVpnCmtLQ1hxWjJpRTFNQytSTi9pcU5uMU9sRDJCcEdtT05zUzNZdFhRL3RmczdjRjdnNDU2SVlabGsrRGZrdWJRTGQKckJoSjQ3bHovOTB0U0Y2L3lOdS9wSTN3UlZyKzN2SS9UYmFVUnRWM2NsZm85eU9TdnduTVNoQmhNRWNkNWxNVApkdEhVemRNK0QyelZsVStoK2JUd2p1YXdaTHc4a0psNFdDTndRYzhiY0FLV2hZNy9MN1BVQkUyY1YvMHJkOWgyCkpDeFRkdHFiMCtRejJvRFlUSE9MQXFWaDYrK1Iyd2VjSmZkQnB0WGF2T0MzSDEzQ3QwVWZvcFpJb3pCRm1LdlUKS25UNVpxbmJOeVp3TFFaaXpGdkYwMXM9Ci0tLS0tRU5EIENFUlRJRklDQVRFLS0tLS0K\n    server: https://35.225.131.111\n  name: k8s-cluster-prod\ncontexts:\n- context:\n    cluster: k8s-cluster-prod\n    user: k8s-cluster-prod\n  name: k8s-cluster-prod\ncurrent-context: k8s-cluster-prod\nkind: Config\npreferences: {}\nusers:\n- name: k8s-cluster-prod\n  user:\n    token: ya29.c.b0AXv0zTNB_E5GLZgZT6VhVVd-_u9vDmvyYXh-QrGgFWSPlWUnXpCnb8Lt_CiMN-yEDDEN1KhXVxn0D3gBzirSK9lhi7EVKFpnL8wUGtiKcz7bNAUIYDA2mhAp-Ompc16NRwRhb2LtftngNpTFVhXaVmxiWhpujs7WRaT7USpBIPz43ICQF3sUgUWJj2nEx4tRRBO3bK8xcWz8_SMWZvp3T_rdfVCDxuizmA5ZbDl4fQ\n",
            "template": "apiVersion: v1\nclusters:\n- cluster:\n    certificate-authority-data: ${cluster_ca_certificate}\n    server: https://${endpoint}\n  name: ${context}\ncontexts:\n- context:\n    cluster: ${context}\n    user: ${context}\n  name: ${context}\ncurrent-context: ${context}\nkind: Config\npreferences: {}\nusers:\n- name: ${context}\n  user:\n    token: ${token}\n",
            "vars": {
              "cluster_ca_certificate": "LS0tLS1CRUdJTiBDRVJUSUZJQ0FURS0tLS0tCk1JSUVMVENDQXBXZ0F3SUJBZ0lSQU9rTFJHMTROYTl1MEtyczlhZ1JkVW93RFFZSktvWklodmNOQVFFTEJRQXcKTHpFdE1Dc0dBMVVFQXhNa00yRmhZekF5T0RZdE1qSTVZUzAwTTJKaUxXRTFNall0WlRWaU56RTFaRFUxWlRKbApNQ0FYRFRJeE1URXhPVEUxTVRVeE1Wb1lEekl3TlRFeE1URXlNVFl4TlRFeFdqQXZNUzB3S3dZRFZRUURFeVF6CllXRmpNREk0TmkweU1qbGhMVFF6WW1JdFlUVXlOaTFsTldJM01UVmtOVFZsTW1Vd2dnR2lNQTBHQ1NxR1NJYjMKRFFFQkFRVUFBNElCandBd2dnR0tBb0lCZ1FEWmZWZFd6dktoNmxBZ1FDRjJYdjN0NllCNitNMWRoQ05RWU9PSwpRalc5c3NtUW9oSVBENm1XeFI1YXlBeGZVTGRBbUxFQTY1ek1KN2VjOFFUSnVJTGtTRUZsMTFFY3BuN1VVUkNtCkhFWlREMHVkMmcyRzJxckdkNGNVK25mbHAwR0wyRzRkQUY3WnVkNEM5VXpEVVFkVTRSc1liNDVQYXBYaSs5VzgKdEpCM0ZCY1Izc2lrVG5ObmFKZkxGL2thWHRxdWtoY1JXYllQeDlBNUNXQUZmUm5jTXZsVnZNZEthR1RUczJVaApLRzJJWlRzTi9NVEF3L3hKVFlsemYxTDVJU2ZmNitxRVh4bGhCazZ3VElyS01RWis0WnVyUzVlN1k2bUduRUNBCjFZUFk5Y3dnaDY3Tm1qeStrUEZKd3ZXakc5U1dRV1JRSWszR3lhd0xMUVp6SVMwdTlscG52aWtwcjBLdlJIWEMKZDJLRUROWWNQTUJ6c0xkWGU0dzFXLzBMWmoxaVNVdHJicjhMUi9Rb3RuVHF6WG00MFhIa1NvSVRvVTdIUGwwbQpjaEV5UHhETmg3blFKZTJkUEo1aU1jdDdzTUVZanUzamQ0OWtJdlB1VTNUMTU2bnJmd1VJZHVReXlLWG5wcGpTClppOWRWMXlTOFZ4aE5mWFlqcUZrVXVmcWpRRUNBd0VBQWFOQ01FQXdEZ1lEVlIwUEFRSC9CQVFEQWdJRU1BOEcKQTFVZEV3RUIvd1FGTUFNQkFmOHdIUVlEVlIwT0JCWUVGS1hmRjFGZmI0QWpEd1FyZ2VsdC9wdW8rU1BCTUEwRwpDU3FHU0liM0RRRUJDd1VBQTRJQmdRQW4yWm5KRTlMMmdaYUlZLzFraHZkRVZueWozSG4wMDRhSzR5YW84Y0ZoCmZjWXpYbkFUS1pxS3ZSRVo3VTVJZ1lEdjdyZWp5dzFneENzVm1MNXllaW9ENm14bk5VVUJyQW9rVVlRT3FySFUKZEJ6cWN2bDFGcm9KQWsvOUxmYWpxam9CVlN4VExCcC8xVFNtZ2xIWW9kWmhTdWtPcnptLzBpa2I5OFArU3RXagpDcUlodS85eWxGQ2V6YzRGVlBObUVLNE0yWEhLU290YmFWeFZiU3FsMVhNY01BZVR4Sk03UTlHWXFmbWZUTVpnCmtLQ1hxWjJpRTFNQytSTi9pcU5uMU9sRDJCcEdtT05zUzNZdFhRL3RmczdjRjdnNDU2SVlabGsrRGZrdWJRTGQKckJoSjQ3bHovOTB0U0Y2L3lOdS9wSTN3UlZyKzN2SS9UYmFVUnRWM2NsZm85eU9TdnduTVNoQmhNRWNkNWxNVApkdEhVemRNK0QyelZsVStoK2JUd2p1YXdaTHc4a0psNFdDTndRYzhiY0FLV2hZNy9MN1BVQkUyY1YvMHJkOWgyCkpDeFRkdHFiMCtRejJvRFlUSE9MQXFWaDYrK1Iyd2VjSmZkQnB0WGF2T0MzSDEzQ3QwVWZvcFpJb3pCRm1LdlUKS25UNVpxbmJOeVp3TFFaaXpGdkYwMXM9Ci0tLS0tRU5EIENFUlRJRklDQVRFLS0tLS0K",
              "context": "k8s-cluster-prod",
              "endpoint": "35.225.131.111",
              "token": "ya29.c.b0AXv0zTNB_E5GLZgZT6VhVVd-_u9vDmvyYXh-QrGgFWSPlWUnXpCnb8Lt_CiMN-yEDDEN1KhXVxn0D3gBzirSK9lhi7EVKFpnL8wUGtiKcz7bNAUIYDA2mhAp-Ompc16NRwRhb2LtftngNpTFVhXaVmxiWhpujs7WRaT7USpBIPz43ICQF3sUgUWJj2nEx4tRRBO3bK8xcWz8_SMWZvp3T_rdfVCDxuizmA5ZbDl4fQ"
            }
          },
          "sensitive_attributes": [
            [
              {
                "type": "get_attr",
                "value": "vars"
              },
              {
                "type": "index",
                "value": {
                  "value": "token",
                  "type": "string"
                }
              }
            ]
          ]
        }
      ]
    }
  ]
}
